Microsoft Visual Studio Solution File, Format Version 12.00
# Visual Studio 14
Project("{8BC9CEB8-8B4A-11D0-8D11-00A0C91BC942}") = "ALL_BUILD", "ALL_BUILD.vcxproj", "{63824BF9-4811-4176-81DC-F633FA5AC973}"
	ProjectSection(ProjectDependencies) = postProject
		{EC2EF94A-3568-4CEB-9DFF-6B8ED50480C0} = {EC2EF94A-3568-4CEB-9DFF-6B8ED50480C0}
	EndProjectSection
EndProject
Project("{8BC9CEB8-8B4A-11D0-8D11-00A0C91BC942}") = "INSTALL", "INSTALL.vcxproj", "{475269DD-C182-4846-B95B-0062365552D8}"
	ProjectSection(ProjectDependencies) = postProject
		{63824BF9-4811-4176-81DC-F633FA5AC973} = {63824BF9-4811-4176-81DC-F633FA5AC973}
	EndProjectSection
EndProject
Project("{8BC9CEB8-8B4A-11D0-8D11-00A0C91BC942}") = "PACKAGE", "PACKAGE.vcxproj", "{5A0AA07B-B7C9-458E-99FB-0371BDDD0BED}"
	ProjectSection(ProjectDependencies) = postProject
		{63824BF9-4811-4176-81DC-F633FA5AC973} = {63824BF9-4811-4176-81DC-F633FA5AC973}
	EndProjectSection
EndProject
Project("{8BC9CEB8-8B4A-11D0-8D11-00A0C91BC942}") = "ZERO_CHECK", "..\..\ZERO_CHECK.vcxproj", "{F7C2BCF6-9BE2-4272-AAD9-6075F4430F5C}"
	ProjectSection(ProjectDependencies) = postProject
	EndProjectSection
EndProject
Project("{8BC9CEB8-8B4A-11D0-8D11-00A0C91BC942}") = "libjasper", "..\..\3rdparty\libjasper\libjasper.vcxproj", "{695D788F-A096-4054-9CE5-A0D9BB018980}"
	ProjectSection(ProjectDependencies) = postProject
		{F7C2BCF6-9BE2-4272-AAD9-6075F4430F5C} = {F7C2BCF6-9BE2-4272-AAD9-6075F4430F5C}
	EndProjectSection
EndProject
Project("{8BC9CEB8-8B4A-11D0-8D11-00A0C91BC942}") = "libjpeg", "..\..\3rdparty\libjpeg\libjpeg.vcxproj", "{35A7860F-9915-49FD-9F2A-F9B4AA5E0965}"
	ProjectSection(ProjectDependencies) = postProject
		{F7C2BCF6-9BE2-4272-AAD9-6075F4430F5C} = {F7C2BCF6-9BE2-4272-AAD9-6075F4430F5C}
	EndProjectSection
EndProject
Project("{8BC9CEB8-8B4A-11D0-8D11-00A0C91BC942}") = "libpng", "..\..\3rdparty\libpng\libpng.vcxproj", "{3C383E1D-6C58-4A4B-B78B-2779354C8C7B}"
	ProjectSection(ProjectDependencies) = postProject
		{F7C2BCF6-9BE2-4272-AAD9-6075F4430F5C} = {F7C2BCF6-9BE2-4272-AAD9-6075F4430F5C}
		{D7456BF1-74CC-4BB0-B8BA-C80E20EAEFDC} = {D7456BF1-74CC-4BB0-B8BA-C80E20EAEFDC}
	EndProjectSection
EndProject
Project("{8BC9CEB8-8B4A-11D0-8D11-00A0C91BC942}") = "libtiff", "..\..\3rdparty\libtiff\libtiff.vcxproj", "{9C5867C5-F9DE-449F-95AE-01B64A9AEB50}"
	ProjectSection(ProjectDependencies) = postProject
		{F7C2BCF6-9BE2-4272-AAD9-6075F4430F5C} = {F7C2BCF6-9BE2-4272-AAD9-6075F4430F5C}
		{D7456BF1-74CC-4BB0-B8BA-C80E20EAEFDC} = {D7456BF1-74CC-4BB0-B8BA-C80E20EAEFDC}
	EndProjectSection
EndProject
Project("{8BC9CEB8-8B4A-11D0-8D11-00A0C91BC942}") = "opencv_core", "..\core\opencv_core.vcxproj", "{AD3AD579-91EB-4492-AA03-F78B231B429D}"
	ProjectSection(ProjectDependencies) = postProject
		{F7C2BCF6-9BE2-4272-AAD9-6075F4430F5C} = {F7C2BCF6-9BE2-4272-AAD9-6075F4430F5C}
		{770A6C51-203A-4D29-8B14-656B1E11BAA2} = {770A6C51-203A-4D29-8B14-656B1E11BAA2}
		{D7456BF1-74CC-4BB0-B8BA-C80E20EAEFDC} = {D7456BF1-74CC-4BB0-B8BA-C80E20EAEFDC}
	EndProjectSection
EndProject
Project("{8BC9CEB8-8B4A-11D0-8D11-00A0C91BC942}") = "opencv_hal", "..\hal\opencv_hal.vcxproj", "{770A6C51-203A-4D29-8B14-656B1E11BAA2}"
	ProjectSection(ProjectDependencies) = postProject
		{F7C2BCF6-9BE2-4272-AAD9-6075F4430F5C} = {F7C2BCF6-9BE2-4272-AAD9-6075F4430F5C}
	EndProjectSection
EndProject
Project("{8BC9CEB8-8B4A-11D0-8D11-00A0C91BC942}") = "opencv_imgcodecs", "..\imgcodecs\opencv_imgcodecs.vcxproj", "{41083FF2-0F8E-4900-B4B1-6720BE86D8AB}"
	ProjectSection(ProjectDependencies) = postProject
		{F7C2BCF6-9BE2-4272-AAD9-6075F4430F5C} = {F7C2BCF6-9BE2-4272-AAD9-6075F4430F5C}
		{695D788F-A096-4054-9CE5-A0D9BB018980} = {695D788F-A096-4054-9CE5-A0D9BB018980}
		{35A7860F-9915-49FD-9F2A-F9B4AA5E0965} = {35A7860F-9915-49FD-9F2A-F9B4AA5E0965}
		{3C383E1D-6C58-4A4B-B78B-2779354C8C7B} = {3C383E1D-6C58-4A4B-B78B-2779354C8C7B}
		{9C5867C5-F9DE-449F-95AE-01B64A9AEB50} = {9C5867C5-F9DE-449F-95AE-01B64A9AEB50}
		{AD3AD579-91EB-4492-AA03-F78B231B429D} = {AD3AD579-91EB-4492-AA03-F78B231B429D}
		{770A6C51-203A-4D29-8B14-656B1E11BAA2} = {770A6C51-203A-4D29-8B14-656B1E11BAA2}
		{D9E6EAA4-E2FC-45A7-B693-7D13D189DD06} = {D9E6EAA4-E2FC-45A7-B693-7D13D189DD06}
		{D7456BF1-74CC-4BB0-B8BA-C80E20EAEFDC} = {D7456BF1-74CC-4BB0-B8BA-C80E20EAEFDC}
	EndProjectSection
EndProject
Project("{8BC9CEB8-8B4A-11D0-8D11-00A0C91BC942}") = "opencv_imgproc", "..\imgproc\opencv_imgproc.vcxproj", "{D9E6EAA4-E2FC-45A7-B693-7D13D189DD06}"
	ProjectSection(ProjectDependencies) = postProject
		{F7C2BCF6-9BE2-4272-AAD9-6075F4430F5C} = {F7C2BCF6-9BE2-4272-AAD9-6075F4430F5C}
		{AD3AD579-91EB-4492-AA03-F78B231B429D} = {AD3AD579-91EB-4492-AA03-F78B231B429D}
		{770A6C51-203A-4D29-8B14-656B1E11BAA2} = {770A6C51-203A-4D29-8B14-656B1E11BAA2}
	EndProjectSection
EndProject
Project("{8BC9CEB8-8B4A-11D0-8D11-00A0C91BC942}") = "opencv_videoio", "opencv_videoio.vcxproj", "{EC2EF94A-3568-4CEB-9DFF-6B8ED50480C0}"
	ProjectSection(ProjectDependencies) = postProject
		{F7C2BCF6-9BE2-4272-AAD9-6075F4430F5C} = {F7C2BCF6-9BE2-4272-AAD9-6075F4430F5C}
		{AD3AD579-91EB-4492-AA03-F78B231B429D} = {AD3AD579-91EB-4492-AA03-F78B231B429D}
		{770A6C51-203A-4D29-8B14-656B1E11BAA2} = {770A6C51-203A-4D29-8B14-656B1E11BAA2}
		{41083FF2-0F8E-4900-B4B1-6720BE86D8AB} = {41083FF2-0F8E-4900-B4B1-6720BE86D8AB}
		{D9E6EAA4-E2FC-45A7-B693-7D13D189DD06} = {D9E6EAA4-E2FC-45A7-B693-7D13D189DD06}
	EndProjectSection
EndProject
Project("{8BC9CEB8-8B4A-11D0-8D11-00A0C91BC942}") = "opencv_videoio_object", "opencv_videoio_object.vcxproj", "{163EA34E-0BB8-4435-9779-90929ABCC8E2}"
	ProjectSection(ProjectDependencies) = postProject
		{F7C2BCF6-9BE2-4272-AAD9-6075F4430F5C} = {F7C2BCF6-9BE2-4272-AAD9-6075F4430F5C}
	EndProjectSection
EndProject
Project("{8BC9CEB8-8B4A-11D0-8D11-00A0C91BC942}") = "zlib", "..\..\3rdparty\zlib\zlib.vcxproj", "{D7456BF1-74CC-4BB0-B8BA-C80E20EAEFDC}"
	ProjectSection(ProjectDependencies) = postProject
		{F7C2BCF6-9BE2-4272-AAD9-6075F4430F5C} = {F7C2BCF6-9BE2-4272-AAD9-6075F4430F5C}
	EndProjectSection
EndProject
Project("{2150E333-8FDC-42A3-9474-1A3956D46DE8}") = "3rdparty", "3rdparty", "{DAC07CCB-790E-460D-BFAC-6F4C807476F1}"
EndProject
Project("{2150E333-8FDC-42A3-9474-1A3956D46DE8}") = "CMakeTargets", "CMakeTargets", "{CC6D78EB-1C22-4D79-9E60-855C47E6F6D2}"
EndProject
Project("{2150E333-8FDC-42A3-9474-1A3956D46DE8}") = "modules", "modules", "{A57526BF-6786-42F2-991E-900678C95A1C}"
EndProject
Project("{2150E333-8FDC-42A3-9474-1A3956D46DE8}") = "object_libraries", "object_libraries", "{796EE907-1BFE-45B4-93CC-88F83CAB4980}"
EndProject
Global
	GlobalSection(SolutionConfigurationPlatforms) = preSolution
		Debug|x64 = Debug|x64
		Release|x64 = Release|x64
	EndGlobalSection
	GlobalSection(ProjectConfigurationPlatforms) = postSolution
		{63824BF9-4811-4176-81DC-F633FA5AC973}.Debug|x64.ActiveCfg = Debug|x64
		{63824BF9-4811-4176-81DC-F633FA5AC973}.Debug|x64.Build.0 = Debug|x64
		{63824BF9-4811-4176-81DC-F633FA5AC973}.Release|x64.ActiveCfg = Release|x64
		{63824BF9-4811-4176-81DC-F633FA5AC973}.Release|x64.Build.0 = Release|x64
		{475269DD-C182-4846-B95B-0062365552D8}.Debug|x64.ActiveCfg = Debug|x64
		{475269DD-C182-4846-B95B-0062365552D8}.Release|x64.ActiveCfg = Release|x64
		{5A0AA07B-B7C9-458E-99FB-0371BDDD0BED}.Debug|x64.ActiveCfg = Debug|x64
		{5A0AA07B-B7C9-458E-99FB-0371BDDD0BED}.Release|x64.ActiveCfg = Release|x64
		{F7C2BCF6-9BE2-4272-AAD9-6075F4430F5C}.Debug|x64.ActiveCfg = Debug|x64
		{F7C2BCF6-9BE2-4272-AAD9-6075F4430F5C}.Debug|x64.Build.0 = Debug|x64
		{F7C2BCF6-9BE2-4272-AAD9-6075F4430F5C}.Release|x64.ActiveCfg = Release|x64
		{F7C2BCF6-9BE2-4272-AAD9-6075F4430F5C}.Release|x64.Build.0 = Release|x64
		{695D788F-A096-4054-9CE5-A0D9BB018980}.Debug|x64.ActiveCfg = Debug|x64
		{695D788F-A096-4054-9CE5-A0D9BB018980}.Debug|x64.Build.0 = Debug|x64
		{695D788F-A096-4054-9CE5-A0D9BB018980}.Release|x64.ActiveCfg = Release|x64
		{695D788F-A096-4054-9CE5-A0D9BB018980}.Release|x64.Build.0 = Release|x64
		{35A7860F-9915-49FD-9F2A-F9B4AA5E0965}.Debug|x64.ActiveCfg = Debug|x64
		{35A7860F-9915-49FD-9F2A-F9B4AA5E0965}.Debug|x64.Build.0 = Debug|x64
		{35A7860F-9915-49FD-9F2A-F9B4AA5E0965}.Release|x64.ActiveCfg = Release|x64
		{35A7860F-9915-49FD-9F2A-F9B4AA5E0965}.Release|x64.Build.0 = Release|x64
		{3C383E1D-6C58-4A4B-B78B-2779354C8C7B}.Debug|x64.ActiveCfg = Debug|x64
		{3C383E1D-6C58-4A4B-B78B-2779354C8C7B}.Debug|x64.Build.0 = Debug|x64
		{3C383E1D-6C58-4A4B-B78B-2779354C8C7B}.Release|x64.ActiveCfg = Release|x64
		{3C383E1D-6C58-4A4B-B78B-2779354C8C7B}.Release|x64.Build.0 = Release|x64
		{9C5867C5-F9DE-449F-95AE-01B64A9AEB50}.Debug|x64.ActiveCfg = Debug|x64
		{9C5867C5-F9DE-449F-95AE-01B64A9AEB50}.Debug|x64.Build.0 = Debug|x64
		{9C5867C5-F9DE-449F-95AE-01B64A9AEB50}.Release|x64.ActiveCfg = Release|x64
		{9C5867C5-F9DE-449F-95AE-01B64A9AEB50}.Release|x64.Build.0 = Release|x64
		{AD3AD579-91EB-4492-AA03-F78B231B429D}.Debug|x64.ActiveCfg = Debug|x64
		{AD3AD579-91EB-4492-AA03-F78B231B429D}.Debug|x64.Build.0 = Debug|x64
		{AD3AD579-91EB-4492-AA03-F78B231B429D}.Debug|x64.Deploy.0 = Debug|x64
		{AD3AD579-91EB-4492-AA03-F78B231B429D}.Release|x64.ActiveCfg = Release|x64
		{AD3AD579-91EB-4492-AA03-F78B231B429D}.Release|x64.Build.0 = Release|x64
		{AD3AD579-91EB-4492-AA03-F78B231B429D}.Release|x64.Deploy.0 = Release|x64
		{770A6C51-203A-4D29-8B14-656B1E11BAA2}.Debug|x64.ActiveCfg = Debug|x64
		{770A6C51-203A-4D29-8B14-656B1E11BAA2}.Debug|x64.Build.0 = Debug|x64
		{770A6C51-203A-4D29-8B14-656B1E11BAA2}.Release|x64.ActiveCfg = Release|x64
		{770A6C51-203A-4D29-8B14-656B1E11BAA2}.Release|x64.Build.0 = Release|x64
		{41083FF2-0F8E-4900-B4B1-6720BE86D8AB}.Debug|x64.ActiveCfg = Debug|x64
		{41083FF2-0F8E-4900-B4B1-6720BE86D8AB}.Debug|x64.Build.0 = Debug|x64
		{41083FF2-0F8E-4900-B4B1-6720BE86D8AB}.Debug|x64.Deploy.0 = Debug|x64
		{41083FF2-0F8E-4900-B4B1-6720BE86D8AB}.Release|x64.ActiveCfg = Release|x64
		{41083FF2-0F8E-4900-B4B1-6720BE86D8AB}.Release|x64.Build.0 = Release|x64
		{41083FF2-0F8E-4900-B4B1-6720BE86D8AB}.Release|x64.Deploy.0 = Release|x64
		{D9E6EAA4-E2FC-45A7-B693-7D13D189DD06}.Debug|x64.ActiveCfg = Debug|x64
		{D9E6EAA4-E2FC-45A7-B693-7D13D189DD06}.Debug|x64.Build.0 = Debug|x64
		{D9E6EAA4-E2FC-45A7-B693-7D13D189DD06}.Debug|x64.Deploy.0 = Debug|x64
		{D9E6EAA4-E2FC-45A7-B693-7D13D189DD06}.Release|x64.ActiveCfg = Release|x64
		{D9E6EAA4-E2FC-45A7-B693-7D13D189DD06}.Release|x64.Build.0 = Release|x64
		{D9E6EAA4-E2FC-45A7-B693-7D13D189DD06}.Release|x64.Deploy.0 = Release|x64
		{EC2EF94A-3568-4CEB-9DFF-6B8ED50480C0}.Debug|x64.ActiveCfg = Debug|x64
		{EC2EF94A-3568-4CEB-9DFF-6B8ED50480C0}.Debug|x64.Build.0 = Debug|x64
		{EC2EF94A-3568-4CEB-9DFF-6B8ED50480C0}.Debug|x64.Deploy.0 = Debug|x64
		{EC2EF94A-3568-4CEB-9DFF-6B8ED50480C0}.Release|x64.ActiveCfg = Release|x64
		{EC2EF94A-3568-4CEB-9DFF-6B8ED50480C0}.Release|x64.Build.0 = Release|x64
		{EC2EF94A-3568-4CEB-9DFF-6B8ED50480C0}.Release|x64.Deploy.0 = Release|x64
		{163EA34E-0BB8-4435-9779-90929ABCC8E2}.Debug|x64.ActiveCfg = Debug|x64
		{163EA34E-0BB8-4435-9779-90929ABCC8E2}.Release|x64.ActiveCfg = Release|x64
		{D7456BF1-74CC-4BB0-B8BA-C80E20EAEFDC}.Debug|x64.ActiveCfg = Debug|x64
		{D7456BF1-74CC-4BB0-B8BA-C80E20EAEFDC}.Debug|x64.Build.0 = Debug|x64
		{D7456BF1-74CC-4BB0-B8BA-C80E20EAEFDC}.Release|x64.ActiveCfg = Release|x64
		{D7456BF1-74CC-4BB0-B8BA-C80E20EAEFDC}.Release|x64.Build.0 = Release|x64
	EndGlobalSection
	GlobalSection(NestedProjects) = preSolution
		{695D788F-A096-4054-9CE5-A0D9BB018980} = {DAC07CCB-790E-460D-BFAC-6F4C807476F1}
		{35A7860F-9915-49FD-9F2A-F9B4AA5E0965} = {DAC07CCB-790E-460D-BFAC-6F4C807476F1}
		{3C383E1D-6C58-4A4B-B78B-2779354C8C7B} = {DAC07CCB-790E-460D-BFAC-6F4C807476F1}
		{9C5867C5-F9DE-449F-95AE-01B64A9AEB50} = {DAC07CCB-790E-460D-BFAC-6F4C807476F1}
		{D7456BF1-74CC-4BB0-B8BA-C80E20EAEFDC} = {DAC07CCB-790E-460D-BFAC-6F4C807476F1}
		{475269DD-C182-4846-B95B-0062365552D8} = {CC6D78EB-1C22-4D79-9E60-855C47E6F6D2}
		{5A0AA07B-B7C9-458E-99FB-0371BDDD0BED} = {CC6D78EB-1C22-4D79-9E60-855C47E6F6D2}
		{F7C2BCF6-9BE2-4272-AAD9-6075F4430F5C} = {CC6D78EB-1C22-4D79-9E60-855C47E6F6D2}
		{AD3AD579-91EB-4492-AA03-F78B231B429D} = {A57526BF-6786-42F2-991E-900678C95A1C}
		{770A6C51-203A-4D29-8B14-656B1E11BAA2} = {A57526BF-6786-42F2-991E-900678C95A1C}
		{41083FF2-0F8E-4900-B4B1-6720BE86D8AB} = {A57526BF-6786-42F2-991E-900678C95A1C}
		{D9E6EAA4-E2FC-45A7-B693-7D13D189DD06} = {A57526BF-6786-42F2-991E-900678C95A1C}
		{EC2EF94A-3568-4CEB-9DFF-6B8ED50480C0} = {A57526BF-6786-42F2-991E-900678C95A1C}
		{163EA34E-0BB8-4435-9779-90929ABCC8E2} = {796EE907-1BFE-45B4-93CC-88F83CAB4980}
	EndGlobalSection
	GlobalSection(ExtensibilityGlobals) = postSolution
	EndGlobalSection
	GlobalSection(ExtensibilityAddIns) = postSolution
	EndGlobalSection
EndGlobal
