<?xml version="1.0" encoding="UTF-8"?>
<Project ToolsVersion="14.0" xmlns="http://schemas.microsoft.com/developer/msbuild/2003">
  <ItemGroup>
    <ClCompile Include="..\..\..\..\..\..\modules\hal\src\arithm.cpp">
      <Filter>Src</Filter>
    </ClCompile>
    <ClCompile Include="..\..\..\..\..\..\modules\hal\src\color.cpp">
      <Filter>Src</Filter>
    </ClCompile>
    <ClCompile Include="..\..\..\..\..\..\modules\hal\src\filter.cpp">
      <Filter>Src</Filter>
    </ClCompile>
    <ClCompile Include="..\..\..\..\..\..\modules\hal\src\mathfuncs.cpp">
      <Filter>Src</Filter>
    </ClCompile>
    <ClCompile Include="..\..\..\..\..\..\modules\hal\src\matrix.cpp">
      <Filter>Src</Filter>
    </ClCompile>
    <ClCompile Include="..\..\..\..\..\..\modules\hal\src\resize.cpp">
      <Filter>Src</Filter>
    </ClCompile>
    <ClCompile Include="..\..\..\..\..\..\modules\hal\src\stat.cpp">
      <Filter>Src</Filter>
    </ClCompile>
    <ClCompile Include="..\..\..\..\..\..\modules\hal\src\warp.cpp">
      <Filter>Src</Filter>
    </ClCompile>
    <ClCompile Include="opencv_hal_pch.cpp">
      <Filter>Source Files</Filter>
    </ClCompile>
  </ItemGroup>
  <ItemGroup>
    <ClInclude Include="..\..\..\..\..\..\modules\hal\include\opencv2\hal.hpp">
      <Filter>Include\opencv2</Filter>
    </ClInclude>
    <ClInclude Include="..\..\..\..\..\..\modules\hal\include\opencv2\hal\intrin.hpp">
      <Filter>Include\opencv2\hal</Filter>
    </ClInclude>
    <ClInclude Include="..\..\..\..\..\..\modules\hal\include\opencv2\hal\intrin_cpp.hpp">
      <Filter>Include\opencv2\hal</Filter>
    </ClInclude>
    <ClInclude Include="..\..\..\..\..\..\modules\hal\include\opencv2\hal\intrin_neon.hpp">
      <Filter>Include\opencv2\hal</Filter>
    </ClInclude>
    <ClInclude Include="..\..\..\..\..\..\modules\hal\include\opencv2\hal\intrin_sse.hpp">
      <Filter>Include\opencv2\hal</Filter>
    </ClInclude>
    <ClInclude Include="..\..\..\..\..\..\modules\hal\include\opencv2\hal\defs.h">
      <Filter>Include\opencv2\hal</Filter>
    </ClInclude>
    <ClInclude Include="..\..\..\..\..\..\modules\hal\src\precomp.hpp">
      <Filter>Src</Filter>
    </ClInclude>
    <ClInclude Include="..\..\cvconfig.h">
      <Filter>Header Files</Filter>
    </ClInclude>
    <ClInclude Include="..\..\opencv2\opencv_modules.hpp">
      <Filter>Header Files</Filter>
    </ClInclude>
  </ItemGroup>
  <ItemGroup>
    <CustomBuild Include="..\..\..\..\..\..\modules\hal\CMakeLists.txt" />
  </ItemGroup>
  <ItemGroup>
    <Filter Include="Include\opencv2\hal">
      <UniqueIdentifier>{45E16404-F085-4057-A8D1-67F856B80A4E}</UniqueIdentifier>
    </Filter>
    <Filter Include="Include\opencv2">
      <UniqueIdentifier>{F4F7FB13-2372-4F83-847B-CD8823E0B913}</UniqueIdentifier>
    </Filter>
    <Filter Include="Source Files">
      <UniqueIdentifier>{D24C614E-8116-4727-B019-0B64D5623411}</UniqueIdentifier>
    </Filter>
    <Filter Include="Header Files">
      <UniqueIdentifier>{EFFE1BD3-4D9A-4CDE-8168-395A492650BE}</UniqueIdentifier>
    </Filter>
    <Filter Include="Src">
      <UniqueIdentifier>{9BB44453-B4DA-4C95-A188-2486DFC139B3}</UniqueIdentifier>
    </Filter>
    <Filter Include="Include">
      <UniqueIdentifier>{961AFC00-8387-4837-A56E-81BB0349634C}</UniqueIdentifier>
    </Filter>
  </ItemGroup>
</Project>
