<?xml version="1.0" encoding="UTF-8"?>
<Project ToolsVersion="14.0" xmlns="http://schemas.microsoft.com/developer/msbuild/2003">
  <ItemGroup>
    <ClCompile Include="..\..\..\..\..\..\modules\video\src\bgfg_gaussmix2.cpp">
      <Filter>Src</Filter>
    </ClCompile>
    <ClCompile Include="..\..\..\..\..\..\modules\video\src\bgfg_KNN.cpp">
      <Filter>Src</Filter>
    </ClCompile>
    <ClCompile Include="..\..\..\..\..\..\modules\video\src\camshift.cpp">
      <Filter>Src</Filter>
    </ClCompile>
    <ClCompile Include="..\..\..\..\..\..\modules\video\src\compat_video.cpp">
      <Filter>Src</Filter>
    </ClCompile>
    <ClCompile Include="..\..\..\..\..\..\modules\video\src\ecc.cpp">
      <Filter>Src</Filter>
    </ClCompile>
    <ClCompile Include="..\..\..\..\..\..\modules\video\src\kalman.cpp">
      <Filter>Src</Filter>
    </ClCompile>
    <ClCompile Include="..\..\..\..\..\..\modules\video\src\lkpyramid.cpp">
      <Filter>Src</Filter>
    </ClCompile>
    <ClCompile Include="..\..\..\..\..\..\modules\video\src\optflowgf.cpp">
      <Filter>Src</Filter>
    </ClCompile>
    <ClCompile Include="..\..\..\..\..\..\modules\video\src\tvl1flow.cpp">
      <Filter>Src</Filter>
    </ClCompile>
    <ClCompile Include="opencl_kernels_video.cpp">
      <Filter>Src\opencl\kernels\autogenerated</Filter>
    </ClCompile>
    <ClCompile Include="opencv_video_pch.cpp">
      <Filter>Source Files</Filter>
    </ClCompile>
  </ItemGroup>
  <ItemGroup>
    <ClInclude Include="..\..\..\..\..\..\modules\video\include\opencv2\video.hpp">
      <Filter>Include\opencv2</Filter>
    </ClInclude>
    <ClInclude Include="..\..\..\..\..\..\modules\video\include\opencv2\video\background_segm.hpp">
      <Filter>Include\opencv2\video</Filter>
    </ClInclude>
    <ClInclude Include="..\..\..\..\..\..\modules\video\include\opencv2\video\tracking.hpp">
      <Filter>Include\opencv2\video</Filter>
    </ClInclude>
    <ClInclude Include="..\..\..\..\..\..\modules\video\include\opencv2\video\video.hpp">
      <Filter>Include\opencv2\video</Filter>
    </ClInclude>
    <ClInclude Include="..\..\..\..\..\..\modules\video\include\opencv2\video\tracking_c.h">
      <Filter>Include\opencv2\video</Filter>
    </ClInclude>
    <ClInclude Include="opencl_kernels_video.hpp">
      <Filter>Src\opencl\kernels\autogenerated</Filter>
    </ClInclude>
    <ClInclude Include="..\..\..\..\..\..\modules\video\src\lkpyramid.hpp">
      <Filter>Src</Filter>
    </ClInclude>
    <ClInclude Include="..\..\..\..\..\..\modules\video\src\precomp.hpp">
      <Filter>Src</Filter>
    </ClInclude>
    <ClInclude Include="..\..\cvconfig.h">
      <Filter>Header Files</Filter>
    </ClInclude>
    <ClInclude Include="..\..\opencv2\opencv_modules.hpp">
      <Filter>Header Files</Filter>
    </ClInclude>
  </ItemGroup>
  <ItemGroup>
    <CustomBuild Include="..\..\..\..\..\..\modules\video\CMakeLists.txt" />
    <CustomBuild Include="..\..\CMakeFiles\53386682123898e835d9081944f1d672\opencl_kernels_video.cpp.rule">
      <Filter>CMake Rules</Filter>
    </CustomBuild>
  </ItemGroup>
  <ItemGroup>
    <None Include="..\..\..\..\..\..\modules\video\src\opencl\bgfg_mog2.cl">
      <Filter>Src\opencl\kernels</Filter>
    </None>
    <None Include="..\..\..\..\..\..\modules\video\src\opencl\optical_flow_farneback.cl">
      <Filter>Src\opencl\kernels</Filter>
    </None>
    <None Include="..\..\..\..\..\..\modules\video\src\opencl\optical_flow_tvl1.cl">
      <Filter>Src\opencl\kernels</Filter>
    </None>
    <None Include="..\..\..\..\..\..\modules\video\src\opencl\pyrlk.cl">
      <Filter>Src\opencl\kernels</Filter>
    </None>
  </ItemGroup>
  <ItemGroup>
    <Filter Include="Source Files">
      <UniqueIdentifier>{6F652BDE-35E3-4D70-97BC-72653848239E}</UniqueIdentifier>
    </Filter>
    <Filter Include="Header Files">
      <UniqueIdentifier>{D1153171-3EAE-4E07-A75B-6FEA6093C934}</UniqueIdentifier>
    </Filter>
    <Filter Include="CMake Rules">
      <UniqueIdentifier>{050184BE-C3F0-4F82-BC2F-9A34B0267BBA}</UniqueIdentifier>
    </Filter>
    <Filter Include="Src">
      <UniqueIdentifier>{053E470E-10F7-487D-BF54-53FF229F67D2}</UniqueIdentifier>
    </Filter>
    <Filter Include="Include">
      <UniqueIdentifier>{FB0B924D-1977-45F4-87DA-535BCB56C720}</UniqueIdentifier>
    </Filter>
    <Filter Include="Src\opencl\kernels">
      <UniqueIdentifier>{E34861BC-67DE-4183-9F25-9A774B5FC651}</UniqueIdentifier>
    </Filter>
    <Filter Include="Include\opencv2">
      <UniqueIdentifier>{05C50465-64FB-4CAF-B4FC-FA03AA6E6725}</UniqueIdentifier>
    </Filter>
    <Filter Include="Src\opencl">
      <UniqueIdentifier>{C09941E1-428F-4DE3-BCD2-C793C2D94200}</UniqueIdentifier>
    </Filter>
    <Filter Include="Include\opencv2\video">
      <UniqueIdentifier>{D1258228-F6BD-4BCC-AEE5-51FF8AD9EE66}</UniqueIdentifier>
    </Filter>
    <Filter Include="Src\opencl\kernels\autogenerated">
      <UniqueIdentifier>{E967A56E-CD90-4123-BFBE-4E89781D9500}</UniqueIdentifier>
    </Filter>
  </ItemGroup>
</Project>
