Microsoft Visual Studio Solution File, Format Version 12.00
# Visual Studio 14
VisualStudioVersion = 14.0.23107.0
MinimumVisualStudioVersion = 10.0.40219.1
Project("{8BC9CEB8-8B4A-11D0-8D11-00A0C91BC942}") = "ALL_BUILD", "ALL_BUILD.vcxproj", "{63824BF9-4811-4176-81DC-F633FA5AC973}"
	ProjectSection(ProjectDependencies) = postProject
		{35A7860F-9915-49FD-9F2A-F9B4AA5E0965} = {35A7860F-9915-49FD-9F2A-F9B4AA5E0965}
		{EFECDF15-2F17-4430-AA16-4E52A0778806} = {EFECDF15-2F17-4430-AA16-4E52A0778806}
		{3C383E1D-6C58-4A4B-B78B-2779354C8C7B} = {3C383E1D-6C58-4A4B-B78B-2779354C8C7B}
		{9C75511F-9E61-47E0-9DE4-4491AF56B440} = {9C75511F-9E61-47E0-9DE4-4491AF56B440}
		{453F9025-FAC0-458E-B4C7-15504150D3A2} = {453F9025-FAC0-458E-B4C7-15504150D3A2}
		{375F7D43-81B4-466C-8217-753458A2FB7B} = {375F7D43-81B4-466C-8217-753458A2FB7B}
		{EC2EF94A-3568-4CEB-9DFF-6B8ED50480C0} = {EC2EF94A-3568-4CEB-9DFF-6B8ED50480C0}
		{770A6C51-203A-4D29-8B14-656B1E11BAA2} = {770A6C51-203A-4D29-8B14-656B1E11BAA2}
		{8672655A-B710-4957-A535-A110572274D8} = {8672655A-B710-4957-A535-A110572274D8}
		{909D1073-679D-432E-B291-E293255B25EB} = {909D1073-679D-432E-B291-E293255B25EB}
		{AD3AD579-91EB-4492-AA03-F78B231B429D} = {AD3AD579-91EB-4492-AA03-F78B231B429D}
		{97FDE78A-57F0-4C07-B279-747D5EEFB399} = {97FDE78A-57F0-4C07-B279-747D5EEFB399}
		{695D788F-A096-4054-9CE5-A0D9BB018980} = {695D788F-A096-4054-9CE5-A0D9BB018980}
		{D9E6EAA4-E2FC-45A7-B693-7D13D189DD06} = {D9E6EAA4-E2FC-45A7-B693-7D13D189DD06}
		{31F0C7B2-2745-47C5-9AFD-FEA48710DFF9} = {31F0C7B2-2745-47C5-9AFD-FEA48710DFF9}
		{7323F2C2-3846-4735-8E06-0F517C868FBB} = {7323F2C2-3846-4735-8E06-0F517C868FBB}
		{9C5867C5-F9DE-449F-95AE-01B64A9AEB50} = {9C5867C5-F9DE-449F-95AE-01B64A9AEB50}
		{D7456BF1-74CC-4BB0-B8BA-C80E20EAEFDC} = {D7456BF1-74CC-4BB0-B8BA-C80E20EAEFDC}
		{41083FF2-0F8E-4900-B4B1-6720BE86D8AB} = {41083FF2-0F8E-4900-B4B1-6720BE86D8AB}
		{6CDC54F3-D602-4CFB-B78A-14B0E89A900B} = {6CDC54F3-D602-4CFB-B78A-14B0E89A900B}
		{F7C2BCF6-9BE2-4272-AAD9-6075F4430F5C} = {F7C2BCF6-9BE2-4272-AAD9-6075F4430F5C}
	EndProjectSection
EndProject
Project("{8BC9CEB8-8B4A-11D0-8D11-00A0C91BC942}") = "INSTALL", "INSTALL.vcxproj", "{475269DD-C182-4846-B95B-0062365552D8}"
	ProjectSection(ProjectDependencies) = postProject
		{63824BF9-4811-4176-81DC-F633FA5AC973} = {63824BF9-4811-4176-81DC-F633FA5AC973}
	EndProjectSection
EndProject
Project("{8BC9CEB8-8B4A-11D0-8D11-00A0C91BC942}") = "PACKAGE", "PACKAGE.vcxproj", "{5A0AA07B-B7C9-458E-99FB-0371BDDD0BED}"
	ProjectSection(ProjectDependencies) = postProject
		{63824BF9-4811-4176-81DC-F633FA5AC973} = {63824BF9-4811-4176-81DC-F633FA5AC973}
	EndProjectSection
EndProject
Project("{8BC9CEB8-8B4A-11D0-8D11-00A0C91BC942}") = "ZERO_CHECK", "ZERO_CHECK.vcxproj", "{F7C2BCF6-9BE2-4272-AAD9-6075F4430F5C}"
EndProject
Project("{8BC9CEB8-8B4A-11D0-8D11-00A0C91BC942}") = "libjasper", "3rdparty\libjasper\libjasper.vcxproj", "{695D788F-A096-4054-9CE5-A0D9BB018980}"
	ProjectSection(ProjectDependencies) = postProject
		{F7C2BCF6-9BE2-4272-AAD9-6075F4430F5C} = {F7C2BCF6-9BE2-4272-AAD9-6075F4430F5C}
	EndProjectSection
EndProject
Project("{8BC9CEB8-8B4A-11D0-8D11-00A0C91BC942}") = "libjpeg", "3rdparty\libjpeg\libjpeg.vcxproj", "{35A7860F-9915-49FD-9F2A-F9B4AA5E0965}"
	ProjectSection(ProjectDependencies) = postProject
		{F7C2BCF6-9BE2-4272-AAD9-6075F4430F5C} = {F7C2BCF6-9BE2-4272-AAD9-6075F4430F5C}
	EndProjectSection
EndProject
Project("{8BC9CEB8-8B4A-11D0-8D11-00A0C91BC942}") = "libpng", "3rdparty\libpng\libpng.vcxproj", "{3C383E1D-6C58-4A4B-B78B-2779354C8C7B}"
	ProjectSection(ProjectDependencies) = postProject
		{D7456BF1-74CC-4BB0-B8BA-C80E20EAEFDC} = {D7456BF1-74CC-4BB0-B8BA-C80E20EAEFDC}
		{F7C2BCF6-9BE2-4272-AAD9-6075F4430F5C} = {F7C2BCF6-9BE2-4272-AAD9-6075F4430F5C}
	EndProjectSection
EndProject
Project("{8BC9CEB8-8B4A-11D0-8D11-00A0C91BC942}") = "libtiff", "3rdparty\libtiff\libtiff.vcxproj", "{9C5867C5-F9DE-449F-95AE-01B64A9AEB50}"
	ProjectSection(ProjectDependencies) = postProject
		{D7456BF1-74CC-4BB0-B8BA-C80E20EAEFDC} = {D7456BF1-74CC-4BB0-B8BA-C80E20EAEFDC}
		{F7C2BCF6-9BE2-4272-AAD9-6075F4430F5C} = {F7C2BCF6-9BE2-4272-AAD9-6075F4430F5C}
	EndProjectSection
EndProject
Project("{8BC9CEB8-8B4A-11D0-8D11-00A0C91BC942}") = "opencv_calib3d", "modules\calib3d\opencv_calib3d.vcxproj", "{9C75511F-9E61-47E0-9DE4-4491AF56B440}"
	ProjectSection(ProjectDependencies) = postProject
		{770A6C51-203A-4D29-8B14-656B1E11BAA2} = {770A6C51-203A-4D29-8B14-656B1E11BAA2}
		{8672655A-B710-4957-A535-A110572274D8} = {8672655A-B710-4957-A535-A110572274D8}
		{AD3AD579-91EB-4492-AA03-F78B231B429D} = {AD3AD579-91EB-4492-AA03-F78B231B429D}
		{97FDE78A-57F0-4C07-B279-747D5EEFB399} = {97FDE78A-57F0-4C07-B279-747D5EEFB399}
		{D9E6EAA4-E2FC-45A7-B693-7D13D189DD06} = {D9E6EAA4-E2FC-45A7-B693-7D13D189DD06}
		{6CDC54F3-D602-4CFB-B78A-14B0E89A900B} = {6CDC54F3-D602-4CFB-B78A-14B0E89A900B}
		{F7C2BCF6-9BE2-4272-AAD9-6075F4430F5C} = {F7C2BCF6-9BE2-4272-AAD9-6075F4430F5C}
	EndProjectSection
EndProject
Project("{8BC9CEB8-8B4A-11D0-8D11-00A0C91BC942}") = "opencv_calib3d_object", "modules\calib3d\opencv_calib3d_object.vcxproj", "{567BD9A9-E3CD-4FDA-A86E-CD40DF5C4565}"
	ProjectSection(ProjectDependencies) = postProject
		{F7C2BCF6-9BE2-4272-AAD9-6075F4430F5C} = {F7C2BCF6-9BE2-4272-AAD9-6075F4430F5C}
	EndProjectSection
EndProject
Project("{8BC9CEB8-8B4A-11D0-8D11-00A0C91BC942}") = "opencv_core", "modules\core\opencv_core.vcxproj", "{AD3AD579-91EB-4492-AA03-F78B231B429D}"
	ProjectSection(ProjectDependencies) = postProject
		{770A6C51-203A-4D29-8B14-656B1E11BAA2} = {770A6C51-203A-4D29-8B14-656B1E11BAA2}
		{D7456BF1-74CC-4BB0-B8BA-C80E20EAEFDC} = {D7456BF1-74CC-4BB0-B8BA-C80E20EAEFDC}
		{F7C2BCF6-9BE2-4272-AAD9-6075F4430F5C} = {F7C2BCF6-9BE2-4272-AAD9-6075F4430F5C}
	EndProjectSection
EndProject
Project("{8BC9CEB8-8B4A-11D0-8D11-00A0C91BC942}") = "opencv_core_object", "modules\core\opencv_core_object.vcxproj", "{78811231-1ED5-485C-8776-ED81AD6EEF13}"
	ProjectSection(ProjectDependencies) = postProject
		{F7C2BCF6-9BE2-4272-AAD9-6075F4430F5C} = {F7C2BCF6-9BE2-4272-AAD9-6075F4430F5C}
	EndProjectSection
EndProject
Project("{8BC9CEB8-8B4A-11D0-8D11-00A0C91BC942}") = "opencv_features2d", "modules\features2d\opencv_features2d.vcxproj", "{8672655A-B710-4957-A535-A110572274D8}"
	ProjectSection(ProjectDependencies) = postProject
		{770A6C51-203A-4D29-8B14-656B1E11BAA2} = {770A6C51-203A-4D29-8B14-656B1E11BAA2}
		{AD3AD579-91EB-4492-AA03-F78B231B429D} = {AD3AD579-91EB-4492-AA03-F78B231B429D}
		{97FDE78A-57F0-4C07-B279-747D5EEFB399} = {97FDE78A-57F0-4C07-B279-747D5EEFB399}
		{D9E6EAA4-E2FC-45A7-B693-7D13D189DD06} = {D9E6EAA4-E2FC-45A7-B693-7D13D189DD06}
		{6CDC54F3-D602-4CFB-B78A-14B0E89A900B} = {6CDC54F3-D602-4CFB-B78A-14B0E89A900B}
		{F7C2BCF6-9BE2-4272-AAD9-6075F4430F5C} = {F7C2BCF6-9BE2-4272-AAD9-6075F4430F5C}
	EndProjectSection
EndProject
Project("{8BC9CEB8-8B4A-11D0-8D11-00A0C91BC942}") = "opencv_features2d_object", "modules\features2d\opencv_features2d_object.vcxproj", "{286D1D27-893F-42F7-A1C1-96B0DE3E131D}"
	ProjectSection(ProjectDependencies) = postProject
		{F7C2BCF6-9BE2-4272-AAD9-6075F4430F5C} = {F7C2BCF6-9BE2-4272-AAD9-6075F4430F5C}
	EndProjectSection
EndProject
Project("{8BC9CEB8-8B4A-11D0-8D11-00A0C91BC942}") = "opencv_flann", "modules\flann\opencv_flann.vcxproj", "{97FDE78A-57F0-4C07-B279-747D5EEFB399}"
	ProjectSection(ProjectDependencies) = postProject
		{770A6C51-203A-4D29-8B14-656B1E11BAA2} = {770A6C51-203A-4D29-8B14-656B1E11BAA2}
		{AD3AD579-91EB-4492-AA03-F78B231B429D} = {AD3AD579-91EB-4492-AA03-F78B231B429D}
		{F7C2BCF6-9BE2-4272-AAD9-6075F4430F5C} = {F7C2BCF6-9BE2-4272-AAD9-6075F4430F5C}
	EndProjectSection
EndProject
Project("{8BC9CEB8-8B4A-11D0-8D11-00A0C91BC942}") = "opencv_flann_object", "modules\flann\opencv_flann_object.vcxproj", "{C271D800-3367-4250-A134-3CF9FA214071}"
	ProjectSection(ProjectDependencies) = postProject
		{F7C2BCF6-9BE2-4272-AAD9-6075F4430F5C} = {F7C2BCF6-9BE2-4272-AAD9-6075F4430F5C}
	EndProjectSection
EndProject
Project("{8BC9CEB8-8B4A-11D0-8D11-00A0C91BC942}") = "opencv_hal", "modules\hal\opencv_hal.vcxproj", "{770A6C51-203A-4D29-8B14-656B1E11BAA2}"
	ProjectSection(ProjectDependencies) = postProject
		{F7C2BCF6-9BE2-4272-AAD9-6075F4430F5C} = {F7C2BCF6-9BE2-4272-AAD9-6075F4430F5C}
	EndProjectSection
EndProject
Project("{8BC9CEB8-8B4A-11D0-8D11-00A0C91BC942}") = "opencv_hal_object", "modules\hal\opencv_hal_object.vcxproj", "{1ECDE3FD-2884-43E1-93FC-7FA0FC52204C}"
	ProjectSection(ProjectDependencies) = postProject
		{F7C2BCF6-9BE2-4272-AAD9-6075F4430F5C} = {F7C2BCF6-9BE2-4272-AAD9-6075F4430F5C}
	EndProjectSection
EndProject
Project("{8BC9CEB8-8B4A-11D0-8D11-00A0C91BC942}") = "opencv_imgcodecs", "modules\imgcodecs\opencv_imgcodecs.vcxproj", "{41083FF2-0F8E-4900-B4B1-6720BE86D8AB}"
	ProjectSection(ProjectDependencies) = postProject
		{35A7860F-9915-49FD-9F2A-F9B4AA5E0965} = {35A7860F-9915-49FD-9F2A-F9B4AA5E0965}
		{3C383E1D-6C58-4A4B-B78B-2779354C8C7B} = {3C383E1D-6C58-4A4B-B78B-2779354C8C7B}
		{770A6C51-203A-4D29-8B14-656B1E11BAA2} = {770A6C51-203A-4D29-8B14-656B1E11BAA2}
		{AD3AD579-91EB-4492-AA03-F78B231B429D} = {AD3AD579-91EB-4492-AA03-F78B231B429D}
		{695D788F-A096-4054-9CE5-A0D9BB018980} = {695D788F-A096-4054-9CE5-A0D9BB018980}
		{D9E6EAA4-E2FC-45A7-B693-7D13D189DD06} = {D9E6EAA4-E2FC-45A7-B693-7D13D189DD06}
		{9C5867C5-F9DE-449F-95AE-01B64A9AEB50} = {9C5867C5-F9DE-449F-95AE-01B64A9AEB50}
		{D7456BF1-74CC-4BB0-B8BA-C80E20EAEFDC} = {D7456BF1-74CC-4BB0-B8BA-C80E20EAEFDC}
		{F7C2BCF6-9BE2-4272-AAD9-6075F4430F5C} = {F7C2BCF6-9BE2-4272-AAD9-6075F4430F5C}
	EndProjectSection
EndProject
Project("{8BC9CEB8-8B4A-11D0-8D11-00A0C91BC942}") = "opencv_imgcodecs_object", "modules\imgcodecs\opencv_imgcodecs_object.vcxproj", "{249CC151-5912-44FE-96A3-31853090D6EF}"
	ProjectSection(ProjectDependencies) = postProject
		{F7C2BCF6-9BE2-4272-AAD9-6075F4430F5C} = {F7C2BCF6-9BE2-4272-AAD9-6075F4430F5C}
	EndProjectSection
EndProject
Project("{8BC9CEB8-8B4A-11D0-8D11-00A0C91BC942}") = "opencv_imgproc", "modules\imgproc\opencv_imgproc.vcxproj", "{D9E6EAA4-E2FC-45A7-B693-7D13D189DD06}"
	ProjectSection(ProjectDependencies) = postProject
		{770A6C51-203A-4D29-8B14-656B1E11BAA2} = {770A6C51-203A-4D29-8B14-656B1E11BAA2}
		{AD3AD579-91EB-4492-AA03-F78B231B429D} = {AD3AD579-91EB-4492-AA03-F78B231B429D}
		{F7C2BCF6-9BE2-4272-AAD9-6075F4430F5C} = {F7C2BCF6-9BE2-4272-AAD9-6075F4430F5C}
	EndProjectSection
EndProject
Project("{8BC9CEB8-8B4A-11D0-8D11-00A0C91BC942}") = "opencv_imgproc_object", "modules\imgproc\opencv_imgproc_object.vcxproj", "{217AC99B-7672-4A86-8BF7-6451BB57DF81}"
	ProjectSection(ProjectDependencies) = postProject
		{F7C2BCF6-9BE2-4272-AAD9-6075F4430F5C} = {F7C2BCF6-9BE2-4272-AAD9-6075F4430F5C}
	EndProjectSection
EndProject
Project("{8BC9CEB8-8B4A-11D0-8D11-00A0C91BC942}") = "opencv_ml", "modules\ml\opencv_ml.vcxproj", "{6CDC54F3-D602-4CFB-B78A-14B0E89A900B}"
	ProjectSection(ProjectDependencies) = postProject
		{770A6C51-203A-4D29-8B14-656B1E11BAA2} = {770A6C51-203A-4D29-8B14-656B1E11BAA2}
		{AD3AD579-91EB-4492-AA03-F78B231B429D} = {AD3AD579-91EB-4492-AA03-F78B231B429D}
		{F7C2BCF6-9BE2-4272-AAD9-6075F4430F5C} = {F7C2BCF6-9BE2-4272-AAD9-6075F4430F5C}
	EndProjectSection
EndProject
Project("{8BC9CEB8-8B4A-11D0-8D11-00A0C91BC942}") = "opencv_ml_object", "modules\ml\opencv_ml_object.vcxproj", "{A00B7D20-BA74-4E46-AECF-4028E492F0D4}"
	ProjectSection(ProjectDependencies) = postProject
		{F7C2BCF6-9BE2-4272-AAD9-6075F4430F5C} = {F7C2BCF6-9BE2-4272-AAD9-6075F4430F5C}
	EndProjectSection
EndProject
Project("{8BC9CEB8-8B4A-11D0-8D11-00A0C91BC942}") = "opencv_modules", "opencv_modules.vcxproj", "{5EA95B1D-F4C4-4769-99CE-53B5655DBA7B}"
	ProjectSection(ProjectDependencies) = postProject
		{EFECDF15-2F17-4430-AA16-4E52A0778806} = {EFECDF15-2F17-4430-AA16-4E52A0778806}
		{9C75511F-9E61-47E0-9DE4-4491AF56B440} = {9C75511F-9E61-47E0-9DE4-4491AF56B440}
		{453F9025-FAC0-458E-B4C7-15504150D3A2} = {453F9025-FAC0-458E-B4C7-15504150D3A2}
		{375F7D43-81B4-466C-8217-753458A2FB7B} = {375F7D43-81B4-466C-8217-753458A2FB7B}
		{EC2EF94A-3568-4CEB-9DFF-6B8ED50480C0} = {EC2EF94A-3568-4CEB-9DFF-6B8ED50480C0}
		{770A6C51-203A-4D29-8B14-656B1E11BAA2} = {770A6C51-203A-4D29-8B14-656B1E11BAA2}
		{8672655A-B710-4957-A535-A110572274D8} = {8672655A-B710-4957-A535-A110572274D8}
		{909D1073-679D-432E-B291-E293255B25EB} = {909D1073-679D-432E-B291-E293255B25EB}
		{AD3AD579-91EB-4492-AA03-F78B231B429D} = {AD3AD579-91EB-4492-AA03-F78B231B429D}
		{97FDE78A-57F0-4C07-B279-747D5EEFB399} = {97FDE78A-57F0-4C07-B279-747D5EEFB399}
		{D9E6EAA4-E2FC-45A7-B693-7D13D189DD06} = {D9E6EAA4-E2FC-45A7-B693-7D13D189DD06}
		{31F0C7B2-2745-47C5-9AFD-FEA48710DFF9} = {31F0C7B2-2745-47C5-9AFD-FEA48710DFF9}
		{7323F2C2-3846-4735-8E06-0F517C868FBB} = {7323F2C2-3846-4735-8E06-0F517C868FBB}
		{41083FF2-0F8E-4900-B4B1-6720BE86D8AB} = {41083FF2-0F8E-4900-B4B1-6720BE86D8AB}
		{6CDC54F3-D602-4CFB-B78A-14B0E89A900B} = {6CDC54F3-D602-4CFB-B78A-14B0E89A900B}
		{F7C2BCF6-9BE2-4272-AAD9-6075F4430F5C} = {F7C2BCF6-9BE2-4272-AAD9-6075F4430F5C}
	EndProjectSection
EndProject
Project("{8BC9CEB8-8B4A-11D0-8D11-00A0C91BC942}") = "opencv_objdetect", "modules\objdetect\opencv_objdetect.vcxproj", "{31F0C7B2-2745-47C5-9AFD-FEA48710DFF9}"
	ProjectSection(ProjectDependencies) = postProject
		{770A6C51-203A-4D29-8B14-656B1E11BAA2} = {770A6C51-203A-4D29-8B14-656B1E11BAA2}
		{AD3AD579-91EB-4492-AA03-F78B231B429D} = {AD3AD579-91EB-4492-AA03-F78B231B429D}
		{D9E6EAA4-E2FC-45A7-B693-7D13D189DD06} = {D9E6EAA4-E2FC-45A7-B693-7D13D189DD06}
		{6CDC54F3-D602-4CFB-B78A-14B0E89A900B} = {6CDC54F3-D602-4CFB-B78A-14B0E89A900B}
		{F7C2BCF6-9BE2-4272-AAD9-6075F4430F5C} = {F7C2BCF6-9BE2-4272-AAD9-6075F4430F5C}
	EndProjectSection
EndProject
Project("{8BC9CEB8-8B4A-11D0-8D11-00A0C91BC942}") = "opencv_objdetect_object", "modules\objdetect\opencv_objdetect_object.vcxproj", "{1E85585B-E426-404F-AD40-E4FDD6352F30}"
	ProjectSection(ProjectDependencies) = postProject
		{F7C2BCF6-9BE2-4272-AAD9-6075F4430F5C} = {F7C2BCF6-9BE2-4272-AAD9-6075F4430F5C}
	EndProjectSection
EndProject
Project("{8BC9CEB8-8B4A-11D0-8D11-00A0C91BC942}") = "opencv_photo", "modules\photo\opencv_photo.vcxproj", "{453F9025-FAC0-458E-B4C7-15504150D3A2}"
	ProjectSection(ProjectDependencies) = postProject
		{770A6C51-203A-4D29-8B14-656B1E11BAA2} = {770A6C51-203A-4D29-8B14-656B1E11BAA2}
		{AD3AD579-91EB-4492-AA03-F78B231B429D} = {AD3AD579-91EB-4492-AA03-F78B231B429D}
		{D9E6EAA4-E2FC-45A7-B693-7D13D189DD06} = {D9E6EAA4-E2FC-45A7-B693-7D13D189DD06}
		{F7C2BCF6-9BE2-4272-AAD9-6075F4430F5C} = {F7C2BCF6-9BE2-4272-AAD9-6075F4430F5C}
	EndProjectSection
EndProject
Project("{8BC9CEB8-8B4A-11D0-8D11-00A0C91BC942}") = "opencv_photo_object", "modules\photo\opencv_photo_object.vcxproj", "{159B558D-CE4D-4678-9055-F3DBBBDEC9DD}"
	ProjectSection(ProjectDependencies) = postProject
		{F7C2BCF6-9BE2-4272-AAD9-6075F4430F5C} = {F7C2BCF6-9BE2-4272-AAD9-6075F4430F5C}
	EndProjectSection
EndProject
Project("{8BC9CEB8-8B4A-11D0-8D11-00A0C91BC942}") = "opencv_shape", "modules\shape\opencv_shape.vcxproj", "{EFECDF15-2F17-4430-AA16-4E52A0778806}"
	ProjectSection(ProjectDependencies) = postProject
		{375F7D43-81B4-466C-8217-753458A2FB7B} = {375F7D43-81B4-466C-8217-753458A2FB7B}
		{770A6C51-203A-4D29-8B14-656B1E11BAA2} = {770A6C51-203A-4D29-8B14-656B1E11BAA2}
		{AD3AD579-91EB-4492-AA03-F78B231B429D} = {AD3AD579-91EB-4492-AA03-F78B231B429D}
		{D9E6EAA4-E2FC-45A7-B693-7D13D189DD06} = {D9E6EAA4-E2FC-45A7-B693-7D13D189DD06}
		{F7C2BCF6-9BE2-4272-AAD9-6075F4430F5C} = {F7C2BCF6-9BE2-4272-AAD9-6075F4430F5C}
	EndProjectSection
EndProject
Project("{8BC9CEB8-8B4A-11D0-8D11-00A0C91BC942}") = "opencv_shape_object", "modules\shape\opencv_shape_object.vcxproj", "{C31AB242-D30F-4E78-A895-817C66E13AB9}"
	ProjectSection(ProjectDependencies) = postProject
		{F7C2BCF6-9BE2-4272-AAD9-6075F4430F5C} = {F7C2BCF6-9BE2-4272-AAD9-6075F4430F5C}
	EndProjectSection
EndProject
Project("{8BC9CEB8-8B4A-11D0-8D11-00A0C91BC942}") = "opencv_stitching", "modules\stitching\opencv_stitching.vcxproj", "{909D1073-679D-432E-B291-E293255B25EB}"
	ProjectSection(ProjectDependencies) = postProject
		{9C75511F-9E61-47E0-9DE4-4491AF56B440} = {9C75511F-9E61-47E0-9DE4-4491AF56B440}
		{770A6C51-203A-4D29-8B14-656B1E11BAA2} = {770A6C51-203A-4D29-8B14-656B1E11BAA2}
		{8672655A-B710-4957-A535-A110572274D8} = {8672655A-B710-4957-A535-A110572274D8}
		{AD3AD579-91EB-4492-AA03-F78B231B429D} = {AD3AD579-91EB-4492-AA03-F78B231B429D}
		{97FDE78A-57F0-4C07-B279-747D5EEFB399} = {97FDE78A-57F0-4C07-B279-747D5EEFB399}
		{D9E6EAA4-E2FC-45A7-B693-7D13D189DD06} = {D9E6EAA4-E2FC-45A7-B693-7D13D189DD06}
		{31F0C7B2-2745-47C5-9AFD-FEA48710DFF9} = {31F0C7B2-2745-47C5-9AFD-FEA48710DFF9}
		{6CDC54F3-D602-4CFB-B78A-14B0E89A900B} = {6CDC54F3-D602-4CFB-B78A-14B0E89A900B}
		{F7C2BCF6-9BE2-4272-AAD9-6075F4430F5C} = {F7C2BCF6-9BE2-4272-AAD9-6075F4430F5C}
	EndProjectSection
EndProject
Project("{8BC9CEB8-8B4A-11D0-8D11-00A0C91BC942}") = "opencv_stitching_object", "modules\stitching\opencv_stitching_object.vcxproj", "{0047461E-9DE0-4FFF-B1E2-78AFDF5A4D80}"
	ProjectSection(ProjectDependencies) = postProject
		{F7C2BCF6-9BE2-4272-AAD9-6075F4430F5C} = {F7C2BCF6-9BE2-4272-AAD9-6075F4430F5C}
	EndProjectSection
EndProject
Project("{8BC9CEB8-8B4A-11D0-8D11-00A0C91BC942}") = "opencv_video", "modules\video\opencv_video.vcxproj", "{375F7D43-81B4-466C-8217-753458A2FB7B}"
	ProjectSection(ProjectDependencies) = postProject
		{770A6C51-203A-4D29-8B14-656B1E11BAA2} = {770A6C51-203A-4D29-8B14-656B1E11BAA2}
		{AD3AD579-91EB-4492-AA03-F78B231B429D} = {AD3AD579-91EB-4492-AA03-F78B231B429D}
		{D9E6EAA4-E2FC-45A7-B693-7D13D189DD06} = {D9E6EAA4-E2FC-45A7-B693-7D13D189DD06}
		{F7C2BCF6-9BE2-4272-AAD9-6075F4430F5C} = {F7C2BCF6-9BE2-4272-AAD9-6075F4430F5C}
	EndProjectSection
EndProject
Project("{8BC9CEB8-8B4A-11D0-8D11-00A0C91BC942}") = "opencv_video_object", "modules\video\opencv_video_object.vcxproj", "{489BE6DF-4192-4AAA-9A99-490A6C48FCFA}"
	ProjectSection(ProjectDependencies) = postProject
		{F7C2BCF6-9BE2-4272-AAD9-6075F4430F5C} = {F7C2BCF6-9BE2-4272-AAD9-6075F4430F5C}
	EndProjectSection
EndProject
Project("{8BC9CEB8-8B4A-11D0-8D11-00A0C91BC942}") = "opencv_videoio", "modules\videoio\opencv_videoio.vcxproj", "{EC2EF94A-3568-4CEB-9DFF-6B8ED50480C0}"
	ProjectSection(ProjectDependencies) = postProject
		{770A6C51-203A-4D29-8B14-656B1E11BAA2} = {770A6C51-203A-4D29-8B14-656B1E11BAA2}
		{AD3AD579-91EB-4492-AA03-F78B231B429D} = {AD3AD579-91EB-4492-AA03-F78B231B429D}
		{D9E6EAA4-E2FC-45A7-B693-7D13D189DD06} = {D9E6EAA4-E2FC-45A7-B693-7D13D189DD06}
		{41083FF2-0F8E-4900-B4B1-6720BE86D8AB} = {41083FF2-0F8E-4900-B4B1-6720BE86D8AB}
		{F7C2BCF6-9BE2-4272-AAD9-6075F4430F5C} = {F7C2BCF6-9BE2-4272-AAD9-6075F4430F5C}
	EndProjectSection
EndProject
Project("{8BC9CEB8-8B4A-11D0-8D11-00A0C91BC942}") = "opencv_videoio_object", "modules\videoio\opencv_videoio_object.vcxproj", "{163EA34E-0BB8-4435-9779-90929ABCC8E2}"
	ProjectSection(ProjectDependencies) = postProject
		{F7C2BCF6-9BE2-4272-AAD9-6075F4430F5C} = {F7C2BCF6-9BE2-4272-AAD9-6075F4430F5C}
	EndProjectSection
EndProject
Project("{8BC9CEB8-8B4A-11D0-8D11-00A0C91BC942}") = "opencv_videostab", "modules\videostab\opencv_videostab.vcxproj", "{7323F2C2-3846-4735-8E06-0F517C868FBB}"
	ProjectSection(ProjectDependencies) = postProject
		{9C75511F-9E61-47E0-9DE4-4491AF56B440} = {9C75511F-9E61-47E0-9DE4-4491AF56B440}
		{453F9025-FAC0-458E-B4C7-15504150D3A2} = {453F9025-FAC0-458E-B4C7-15504150D3A2}
		{375F7D43-81B4-466C-8217-753458A2FB7B} = {375F7D43-81B4-466C-8217-753458A2FB7B}
		{EC2EF94A-3568-4CEB-9DFF-6B8ED50480C0} = {EC2EF94A-3568-4CEB-9DFF-6B8ED50480C0}
		{770A6C51-203A-4D29-8B14-656B1E11BAA2} = {770A6C51-203A-4D29-8B14-656B1E11BAA2}
		{8672655A-B710-4957-A535-A110572274D8} = {8672655A-B710-4957-A535-A110572274D8}
		{AD3AD579-91EB-4492-AA03-F78B231B429D} = {AD3AD579-91EB-4492-AA03-F78B231B429D}
		{97FDE78A-57F0-4C07-B279-747D5EEFB399} = {97FDE78A-57F0-4C07-B279-747D5EEFB399}
		{D9E6EAA4-E2FC-45A7-B693-7D13D189DD06} = {D9E6EAA4-E2FC-45A7-B693-7D13D189DD06}
		{41083FF2-0F8E-4900-B4B1-6720BE86D8AB} = {41083FF2-0F8E-4900-B4B1-6720BE86D8AB}
		{6CDC54F3-D602-4CFB-B78A-14B0E89A900B} = {6CDC54F3-D602-4CFB-B78A-14B0E89A900B}
		{F7C2BCF6-9BE2-4272-AAD9-6075F4430F5C} = {F7C2BCF6-9BE2-4272-AAD9-6075F4430F5C}
	EndProjectSection
EndProject
Project("{8BC9CEB8-8B4A-11D0-8D11-00A0C91BC942}") = "opencv_videostab_object", "modules\videostab\opencv_videostab_object.vcxproj", "{260FFF32-96DA-45D5-9BEA-E74BF1D2809E}"
	ProjectSection(ProjectDependencies) = postProject
		{F7C2BCF6-9BE2-4272-AAD9-6075F4430F5C} = {F7C2BCF6-9BE2-4272-AAD9-6075F4430F5C}
	EndProjectSection
EndProject
Project("{8BC9CEB8-8B4A-11D0-8D11-00A0C91BC942}") = "uninstall", "uninstall.vcxproj", "{579A1150-F4EB-41D2-96AE-504F1E33ED1F}"
	ProjectSection(ProjectDependencies) = postProject
		{F7C2BCF6-9BE2-4272-AAD9-6075F4430F5C} = {F7C2BCF6-9BE2-4272-AAD9-6075F4430F5C}
	EndProjectSection
EndProject
Project("{8BC9CEB8-8B4A-11D0-8D11-00A0C91BC942}") = "zlib", "3rdparty\zlib\zlib.vcxproj", "{D7456BF1-74CC-4BB0-B8BA-C80E20EAEFDC}"
	ProjectSection(ProjectDependencies) = postProject
		{F7C2BCF6-9BE2-4272-AAD9-6075F4430F5C} = {F7C2BCF6-9BE2-4272-AAD9-6075F4430F5C}
	EndProjectSection
EndProject
Project("{2150E333-8FDC-42A3-9474-1A3956D46DE8}") = "3rdparty", "3rdparty", "{DAC07CCB-790E-460D-BFAC-6F4C807476F1}"
EndProject
Project("{2150E333-8FDC-42A3-9474-1A3956D46DE8}") = "CMakeTargets", "CMakeTargets", "{CC6D78EB-1C22-4D79-9E60-855C47E6F6D2}"
EndProject
Project("{2150E333-8FDC-42A3-9474-1A3956D46DE8}") = "extra", "extra", "{894A1B5D-C126-49D3-831D-4E5168C179C4}"
EndProject
Project("{2150E333-8FDC-42A3-9474-1A3956D46DE8}") = "modules", "modules", "{A57526BF-6786-42F2-991E-900678C95A1C}"
EndProject
Project("{2150E333-8FDC-42A3-9474-1A3956D46DE8}") = "object_libraries", "object_libraries", "{796EE907-1BFE-45B4-93CC-88F83CAB4980}"
EndProject
Project("{8BC9CEB8-8B4A-11D0-8D11-00A0C91BC942}") = "opencv_winrt", "modules\winrt\opencv_winrt.vcxproj", "{0CA85B79-912A-4D30-AD07-36450B47FEBA}"
	ProjectSection(ProjectDependencies) = postProject
		{375F7D43-81B4-466C-8217-753458A2FB7B} = {375F7D43-81B4-466C-8217-753458A2FB7B}
		{EC2EF94A-3568-4CEB-9DFF-6B8ED50480C0} = {EC2EF94A-3568-4CEB-9DFF-6B8ED50480C0}
		{AD3AD579-91EB-4492-AA03-F78B231B429D} = {AD3AD579-91EB-4492-AA03-F78B231B429D}
		{D9E6EAA4-E2FC-45A7-B693-7D13D189DD06} = {D9E6EAA4-E2FC-45A7-B693-7D13D189DD06}
		{31F0C7B2-2745-47C5-9AFD-FEA48710DFF9} = {31F0C7B2-2745-47C5-9AFD-FEA48710DFF9}
		{41083FF2-0F8E-4900-B4B1-6720BE86D8AB} = {41083FF2-0F8E-4900-B4B1-6720BE86D8AB}
	EndProjectSection
EndProject
Global
	GlobalSection(SolutionConfigurationPlatforms) = preSolution
		Debug|ARM = Debug|ARM
		Debug|x64 = Debug|x64
		Debug|x86 = Debug|x86
		Release|ARM = Release|ARM
		Release|x64 = Release|x64
		Release|x86 = Release|x86
	EndGlobalSection
	GlobalSection(ProjectConfigurationPlatforms) = postSolution
		{63824BF9-4811-4176-81DC-F633FA5AC973}.Debug|ARM.ActiveCfg = Debug|x64
		{63824BF9-4811-4176-81DC-F633FA5AC973}.Debug|x64.ActiveCfg = Debug|x64
		{63824BF9-4811-4176-81DC-F633FA5AC973}.Debug|x64.Build.0 = Debug|x64
		{63824BF9-4811-4176-81DC-F633FA5AC973}.Debug|x86.ActiveCfg = Debug|x64
		{63824BF9-4811-4176-81DC-F633FA5AC973}.Release|ARM.ActiveCfg = Release|x64
		{63824BF9-4811-4176-81DC-F633FA5AC973}.Release|x64.ActiveCfg = Release|x64
		{63824BF9-4811-4176-81DC-F633FA5AC973}.Release|x64.Build.0 = Release|x64
		{63824BF9-4811-4176-81DC-F633FA5AC973}.Release|x86.ActiveCfg = Release|x64
		{475269DD-C182-4846-B95B-0062365552D8}.Debug|ARM.ActiveCfg = Debug|x64
		{475269DD-C182-4846-B95B-0062365552D8}.Debug|x64.ActiveCfg = Debug|x64
		{475269DD-C182-4846-B95B-0062365552D8}.Debug|x86.ActiveCfg = Debug|x64
		{475269DD-C182-4846-B95B-0062365552D8}.Release|ARM.ActiveCfg = Release|x64
		{475269DD-C182-4846-B95B-0062365552D8}.Release|x64.ActiveCfg = Release|x64
		{475269DD-C182-4846-B95B-0062365552D8}.Release|x86.ActiveCfg = Release|x64
		{5A0AA07B-B7C9-458E-99FB-0371BDDD0BED}.Debug|ARM.ActiveCfg = Debug|x64
		{5A0AA07B-B7C9-458E-99FB-0371BDDD0BED}.Debug|x64.ActiveCfg = Debug|x64
		{5A0AA07B-B7C9-458E-99FB-0371BDDD0BED}.Debug|x86.ActiveCfg = Debug|x64
		{5A0AA07B-B7C9-458E-99FB-0371BDDD0BED}.Release|ARM.ActiveCfg = Release|x64
		{5A0AA07B-B7C9-458E-99FB-0371BDDD0BED}.Release|x64.ActiveCfg = Release|x64
		{5A0AA07B-B7C9-458E-99FB-0371BDDD0BED}.Release|x86.ActiveCfg = Release|x64
		{F7C2BCF6-9BE2-4272-AAD9-6075F4430F5C}.Debug|ARM.ActiveCfg = Debug|x64
		{F7C2BCF6-9BE2-4272-AAD9-6075F4430F5C}.Debug|x64.ActiveCfg = Debug|x64
		{F7C2BCF6-9BE2-4272-AAD9-6075F4430F5C}.Debug|x64.Build.0 = Debug|x64
		{F7C2BCF6-9BE2-4272-AAD9-6075F4430F5C}.Debug|x86.ActiveCfg = Debug|x64
		{F7C2BCF6-9BE2-4272-AAD9-6075F4430F5C}.Release|ARM.ActiveCfg = Release|x64
		{F7C2BCF6-9BE2-4272-AAD9-6075F4430F5C}.Release|x64.ActiveCfg = Release|x64
		{F7C2BCF6-9BE2-4272-AAD9-6075F4430F5C}.Release|x64.Build.0 = Release|x64
		{F7C2BCF6-9BE2-4272-AAD9-6075F4430F5C}.Release|x86.ActiveCfg = Release|x64
		{695D788F-A096-4054-9CE5-A0D9BB018980}.Debug|ARM.ActiveCfg = Debug|x64
		{695D788F-A096-4054-9CE5-A0D9BB018980}.Debug|x64.ActiveCfg = Debug|x64
		{695D788F-A096-4054-9CE5-A0D9BB018980}.Debug|x64.Build.0 = Debug|x64
		{695D788F-A096-4054-9CE5-A0D9BB018980}.Debug|x86.ActiveCfg = Debug|x64
		{695D788F-A096-4054-9CE5-A0D9BB018980}.Release|ARM.ActiveCfg = Release|x64
		{695D788F-A096-4054-9CE5-A0D9BB018980}.Release|x64.ActiveCfg = Release|x64
		{695D788F-A096-4054-9CE5-A0D9BB018980}.Release|x64.Build.0 = Release|x64
		{695D788F-A096-4054-9CE5-A0D9BB018980}.Release|x86.ActiveCfg = Release|x64
		{35A7860F-9915-49FD-9F2A-F9B4AA5E0965}.Debug|ARM.ActiveCfg = Debug|x64
		{35A7860F-9915-49FD-9F2A-F9B4AA5E0965}.Debug|x64.ActiveCfg = Debug|x64
		{35A7860F-9915-49FD-9F2A-F9B4AA5E0965}.Debug|x64.Build.0 = Debug|x64
		{35A7860F-9915-49FD-9F2A-F9B4AA5E0965}.Debug|x86.ActiveCfg = Debug|x64
		{35A7860F-9915-49FD-9F2A-F9B4AA5E0965}.Release|ARM.ActiveCfg = Release|x64
		{35A7860F-9915-49FD-9F2A-F9B4AA5E0965}.Release|x64.ActiveCfg = Release|x64
		{35A7860F-9915-49FD-9F2A-F9B4AA5E0965}.Release|x64.Build.0 = Release|x64
		{35A7860F-9915-49FD-9F2A-F9B4AA5E0965}.Release|x86.ActiveCfg = Release|x64
		{3C383E1D-6C58-4A4B-B78B-2779354C8C7B}.Debug|ARM.ActiveCfg = Debug|x64
		{3C383E1D-6C58-4A4B-B78B-2779354C8C7B}.Debug|x64.ActiveCfg = Debug|x64
		{3C383E1D-6C58-4A4B-B78B-2779354C8C7B}.Debug|x64.Build.0 = Debug|x64
		{3C383E1D-6C58-4A4B-B78B-2779354C8C7B}.Debug|x86.ActiveCfg = Debug|x64
		{3C383E1D-6C58-4A4B-B78B-2779354C8C7B}.Release|ARM.ActiveCfg = Release|x64
		{3C383E1D-6C58-4A4B-B78B-2779354C8C7B}.Release|x64.ActiveCfg = Release|x64
		{3C383E1D-6C58-4A4B-B78B-2779354C8C7B}.Release|x64.Build.0 = Release|x64
		{3C383E1D-6C58-4A4B-B78B-2779354C8C7B}.Release|x86.ActiveCfg = Release|x64
		{9C5867C5-F9DE-449F-95AE-01B64A9AEB50}.Debug|ARM.ActiveCfg = Debug|x64
		{9C5867C5-F9DE-449F-95AE-01B64A9AEB50}.Debug|x64.ActiveCfg = Debug|x64
		{9C5867C5-F9DE-449F-95AE-01B64A9AEB50}.Debug|x64.Build.0 = Debug|x64
		{9C5867C5-F9DE-449F-95AE-01B64A9AEB50}.Debug|x86.ActiveCfg = Debug|x64
		{9C5867C5-F9DE-449F-95AE-01B64A9AEB50}.Release|ARM.ActiveCfg = Release|x64
		{9C5867C5-F9DE-449F-95AE-01B64A9AEB50}.Release|x64.ActiveCfg = Release|x64
		{9C5867C5-F9DE-449F-95AE-01B64A9AEB50}.Release|x64.Build.0 = Release|x64
		{9C5867C5-F9DE-449F-95AE-01B64A9AEB50}.Release|x86.ActiveCfg = Release|x64
		{9C75511F-9E61-47E0-9DE4-4491AF56B440}.Debug|ARM.ActiveCfg = Debug|x64
		{9C75511F-9E61-47E0-9DE4-4491AF56B440}.Debug|x64.ActiveCfg = Debug|x64
		{9C75511F-9E61-47E0-9DE4-4491AF56B440}.Debug|x64.Build.0 = Debug|x64
		{9C75511F-9E61-47E0-9DE4-4491AF56B440}.Debug|x64.Deploy.0 = Debug|x64
		{9C75511F-9E61-47E0-9DE4-4491AF56B440}.Debug|x86.ActiveCfg = Debug|x64
		{9C75511F-9E61-47E0-9DE4-4491AF56B440}.Release|ARM.ActiveCfg = Release|x64
		{9C75511F-9E61-47E0-9DE4-4491AF56B440}.Release|x64.ActiveCfg = Release|x64
		{9C75511F-9E61-47E0-9DE4-4491AF56B440}.Release|x64.Build.0 = Release|x64
		{9C75511F-9E61-47E0-9DE4-4491AF56B440}.Release|x64.Deploy.0 = Release|x64
		{9C75511F-9E61-47E0-9DE4-4491AF56B440}.Release|x86.ActiveCfg = Release|x64
		{567BD9A9-E3CD-4FDA-A86E-CD40DF5C4565}.Debug|ARM.ActiveCfg = Debug|x64
		{567BD9A9-E3CD-4FDA-A86E-CD40DF5C4565}.Debug|x64.ActiveCfg = Debug|x64
		{567BD9A9-E3CD-4FDA-A86E-CD40DF5C4565}.Debug|x86.ActiveCfg = Debug|x64
		{567BD9A9-E3CD-4FDA-A86E-CD40DF5C4565}.Release|ARM.ActiveCfg = Release|x64
		{567BD9A9-E3CD-4FDA-A86E-CD40DF5C4565}.Release|x64.ActiveCfg = Release|x64
		{567BD9A9-E3CD-4FDA-A86E-CD40DF5C4565}.Release|x86.ActiveCfg = Release|x64
		{AD3AD579-91EB-4492-AA03-F78B231B429D}.Debug|ARM.ActiveCfg = Debug|x64
		{AD3AD579-91EB-4492-AA03-F78B231B429D}.Debug|x64.ActiveCfg = Debug|x64
		{AD3AD579-91EB-4492-AA03-F78B231B429D}.Debug|x64.Build.0 = Debug|x64
		{AD3AD579-91EB-4492-AA03-F78B231B429D}.Debug|x64.Deploy.0 = Debug|x64
		{AD3AD579-91EB-4492-AA03-F78B231B429D}.Debug|x86.ActiveCfg = Debug|x64
		{AD3AD579-91EB-4492-AA03-F78B231B429D}.Release|ARM.ActiveCfg = Release|x64
		{AD3AD579-91EB-4492-AA03-F78B231B429D}.Release|x64.ActiveCfg = Release|x64
		{AD3AD579-91EB-4492-AA03-F78B231B429D}.Release|x64.Build.0 = Release|x64
		{AD3AD579-91EB-4492-AA03-F78B231B429D}.Release|x64.Deploy.0 = Release|x64
		{AD3AD579-91EB-4492-AA03-F78B231B429D}.Release|x86.ActiveCfg = Release|x64
		{78811231-1ED5-485C-8776-ED81AD6EEF13}.Debug|ARM.ActiveCfg = Debug|x64
		{78811231-1ED5-485C-8776-ED81AD6EEF13}.Debug|x64.ActiveCfg = Debug|x64
		{78811231-1ED5-485C-8776-ED81AD6EEF13}.Debug|x86.ActiveCfg = Debug|x64
		{78811231-1ED5-485C-8776-ED81AD6EEF13}.Release|ARM.ActiveCfg = Release|x64
		{78811231-1ED5-485C-8776-ED81AD6EEF13}.Release|x64.ActiveCfg = Release|x64
		{78811231-1ED5-485C-8776-ED81AD6EEF13}.Release|x86.ActiveCfg = Release|x64
		{8672655A-B710-4957-A535-A110572274D8}.Debug|ARM.ActiveCfg = Debug|x64
		{8672655A-B710-4957-A535-A110572274D8}.Debug|x64.ActiveCfg = Debug|x64
		{8672655A-B710-4957-A535-A110572274D8}.Debug|x64.Build.0 = Debug|x64
		{8672655A-B710-4957-A535-A110572274D8}.Debug|x64.Deploy.0 = Debug|x64
		{8672655A-B710-4957-A535-A110572274D8}.Debug|x86.ActiveCfg = Debug|x64
		{8672655A-B710-4957-A535-A110572274D8}.Release|ARM.ActiveCfg = Release|x64
		{8672655A-B710-4957-A535-A110572274D8}.Release|x64.ActiveCfg = Release|x64
		{8672655A-B710-4957-A535-A110572274D8}.Release|x64.Build.0 = Release|x64
		{8672655A-B710-4957-A535-A110572274D8}.Release|x64.Deploy.0 = Release|x64
		{8672655A-B710-4957-A535-A110572274D8}.Release|x86.ActiveCfg = Release|x64
		{286D1D27-893F-42F7-A1C1-96B0DE3E131D}.Debug|ARM.ActiveCfg = Debug|x64
		{286D1D27-893F-42F7-A1C1-96B0DE3E131D}.Debug|x64.ActiveCfg = Debug|x64
		{286D1D27-893F-42F7-A1C1-96B0DE3E131D}.Debug|x86.ActiveCfg = Debug|x64
		{286D1D27-893F-42F7-A1C1-96B0DE3E131D}.Release|ARM.ActiveCfg = Release|x64
		{286D1D27-893F-42F7-A1C1-96B0DE3E131D}.Release|x64.ActiveCfg = Release|x64
		{286D1D27-893F-42F7-A1C1-96B0DE3E131D}.Release|x86.ActiveCfg = Release|x64
		{97FDE78A-57F0-4C07-B279-747D5EEFB399}.Debug|ARM.ActiveCfg = Debug|x64
		{97FDE78A-57F0-4C07-B279-747D5EEFB399}.Debug|x64.ActiveCfg = Debug|x64
		{97FDE78A-57F0-4C07-B279-747D5EEFB399}.Debug|x64.Build.0 = Debug|x64
		{97FDE78A-57F0-4C07-B279-747D5EEFB399}.Debug|x64.Deploy.0 = Debug|x64
		{97FDE78A-57F0-4C07-B279-747D5EEFB399}.Debug|x86.ActiveCfg = Debug|x64
		{97FDE78A-57F0-4C07-B279-747D5EEFB399}.Release|ARM.ActiveCfg = Release|x64
		{97FDE78A-57F0-4C07-B279-747D5EEFB399}.Release|x64.ActiveCfg = Release|x64
		{97FDE78A-57F0-4C07-B279-747D5EEFB399}.Release|x64.Build.0 = Release|x64
		{97FDE78A-57F0-4C07-B279-747D5EEFB399}.Release|x64.Deploy.0 = Release|x64
		{97FDE78A-57F0-4C07-B279-747D5EEFB399}.Release|x86.ActiveCfg = Release|x64
		{C271D800-3367-4250-A134-3CF9FA214071}.Debug|ARM.ActiveCfg = Debug|x64
		{C271D800-3367-4250-A134-3CF9FA214071}.Debug|x64.ActiveCfg = Debug|x64
		{C271D800-3367-4250-A134-3CF9FA214071}.Debug|x86.ActiveCfg = Debug|x64
		{C271D800-3367-4250-A134-3CF9FA214071}.Release|ARM.ActiveCfg = Release|x64
		{C271D800-3367-4250-A134-3CF9FA214071}.Release|x64.ActiveCfg = Release|x64
		{C271D800-3367-4250-A134-3CF9FA214071}.Release|x86.ActiveCfg = Release|x64
		{770A6C51-203A-4D29-8B14-656B1E11BAA2}.Debug|ARM.ActiveCfg = Debug|x64
		{770A6C51-203A-4D29-8B14-656B1E11BAA2}.Debug|x64.ActiveCfg = Debug|x64
		{770A6C51-203A-4D29-8B14-656B1E11BAA2}.Debug|x64.Build.0 = Debug|x64
		{770A6C51-203A-4D29-8B14-656B1E11BAA2}.Debug|x86.ActiveCfg = Debug|x64
		{770A6C51-203A-4D29-8B14-656B1E11BAA2}.Release|ARM.ActiveCfg = Release|x64
		{770A6C51-203A-4D29-8B14-656B1E11BAA2}.Release|x64.ActiveCfg = Release|x64
		{770A6C51-203A-4D29-8B14-656B1E11BAA2}.Release|x64.Build.0 = Release|x64
		{770A6C51-203A-4D29-8B14-656B1E11BAA2}.Release|x86.ActiveCfg = Release|x64
		{1ECDE3FD-2884-43E1-93FC-7FA0FC52204C}.Debug|ARM.ActiveCfg = Debug|x64
		{1ECDE3FD-2884-43E1-93FC-7FA0FC52204C}.Debug|x64.ActiveCfg = Debug|x64
		{1ECDE3FD-2884-43E1-93FC-7FA0FC52204C}.Debug|x86.ActiveCfg = Debug|x64
		{1ECDE3FD-2884-43E1-93FC-7FA0FC52204C}.Release|ARM.ActiveCfg = Release|x64
		{1ECDE3FD-2884-43E1-93FC-7FA0FC52204C}.Release|x64.ActiveCfg = Release|x64
		{1ECDE3FD-2884-43E1-93FC-7FA0FC52204C}.Release|x86.ActiveCfg = Release|x64
		{41083FF2-0F8E-4900-B4B1-6720BE86D8AB}.Debug|ARM.ActiveCfg = Debug|x64
		{41083FF2-0F8E-4900-B4B1-6720BE86D8AB}.Debug|x64.ActiveCfg = Debug|x64
		{41083FF2-0F8E-4900-B4B1-6720BE86D8AB}.Debug|x64.Build.0 = Debug|x64
		{41083FF2-0F8E-4900-B4B1-6720BE86D8AB}.Debug|x64.Deploy.0 = Debug|x64
		{41083FF2-0F8E-4900-B4B1-6720BE86D8AB}.Debug|x86.ActiveCfg = Debug|x64
		{41083FF2-0F8E-4900-B4B1-6720BE86D8AB}.Release|ARM.ActiveCfg = Release|x64
		{41083FF2-0F8E-4900-B4B1-6720BE86D8AB}.Release|x64.ActiveCfg = Release|x64
		{41083FF2-0F8E-4900-B4B1-6720BE86D8AB}.Release|x64.Build.0 = Release|x64
		{41083FF2-0F8E-4900-B4B1-6720BE86D8AB}.Release|x64.Deploy.0 = Release|x64
		{41083FF2-0F8E-4900-B4B1-6720BE86D8AB}.Release|x86.ActiveCfg = Release|x64
		{249CC151-5912-44FE-96A3-31853090D6EF}.Debug|ARM.ActiveCfg = Debug|x64
		{249CC151-5912-44FE-96A3-31853090D6EF}.Debug|x64.ActiveCfg = Debug|x64
		{249CC151-5912-44FE-96A3-31853090D6EF}.Debug|x86.ActiveCfg = Debug|x64
		{249CC151-5912-44FE-96A3-31853090D6EF}.Release|ARM.ActiveCfg = Release|x64
		{249CC151-5912-44FE-96A3-31853090D6EF}.Release|x64.ActiveCfg = Release|x64
		{249CC151-5912-44FE-96A3-31853090D6EF}.Release|x86.ActiveCfg = Release|x64
		{D9E6EAA4-E2FC-45A7-B693-7D13D189DD06}.Debug|ARM.ActiveCfg = Debug|x64
		{D9E6EAA4-E2FC-45A7-B693-7D13D189DD06}.Debug|x64.ActiveCfg = Debug|x64
		{D9E6EAA4-E2FC-45A7-B693-7D13D189DD06}.Debug|x64.Build.0 = Debug|x64
		{D9E6EAA4-E2FC-45A7-B693-7D13D189DD06}.Debug|x64.Deploy.0 = Debug|x64
		{D9E6EAA4-E2FC-45A7-B693-7D13D189DD06}.Debug|x86.ActiveCfg = Debug|x64
		{D9E6EAA4-E2FC-45A7-B693-7D13D189DD06}.Release|ARM.ActiveCfg = Release|x64
		{D9E6EAA4-E2FC-45A7-B693-7D13D189DD06}.Release|x64.ActiveCfg = Release|x64
		{D9E6EAA4-E2FC-45A7-B693-7D13D189DD06}.Release|x64.Build.0 = Release|x64
		{D9E6EAA4-E2FC-45A7-B693-7D13D189DD06}.Release|x64.Deploy.0 = Release|x64
		{D9E6EAA4-E2FC-45A7-B693-7D13D189DD06}.Release|x86.ActiveCfg = Release|x64
		{217AC99B-7672-4A86-8BF7-6451BB57DF81}.Debug|ARM.ActiveCfg = Debug|x64
		{217AC99B-7672-4A86-8BF7-6451BB57DF81}.Debug|x64.ActiveCfg = Debug|x64
		{217AC99B-7672-4A86-8BF7-6451BB57DF81}.Debug|x86.ActiveCfg = Debug|x64
		{217AC99B-7672-4A86-8BF7-6451BB57DF81}.Release|ARM.ActiveCfg = Release|x64
		{217AC99B-7672-4A86-8BF7-6451BB57DF81}.Release|x64.ActiveCfg = Release|x64
		{217AC99B-7672-4A86-8BF7-6451BB57DF81}.Release|x86.ActiveCfg = Release|x64
		{6CDC54F3-D602-4CFB-B78A-14B0E89A900B}.Debug|ARM.ActiveCfg = Debug|x64
		{6CDC54F3-D602-4CFB-B78A-14B0E89A900B}.Debug|x64.ActiveCfg = Debug|x64
		{6CDC54F3-D602-4CFB-B78A-14B0E89A900B}.Debug|x64.Build.0 = Debug|x64
		{6CDC54F3-D602-4CFB-B78A-14B0E89A900B}.Debug|x64.Deploy.0 = Debug|x64
		{6CDC54F3-D602-4CFB-B78A-14B0E89A900B}.Debug|x86.ActiveCfg = Debug|x64
		{6CDC54F3-D602-4CFB-B78A-14B0E89A900B}.Release|ARM.ActiveCfg = Release|x64
		{6CDC54F3-D602-4CFB-B78A-14B0E89A900B}.Release|x64.ActiveCfg = Release|x64
		{6CDC54F3-D602-4CFB-B78A-14B0E89A900B}.Release|x64.Build.0 = Release|x64
		{6CDC54F3-D602-4CFB-B78A-14B0E89A900B}.Release|x64.Deploy.0 = Release|x64
		{6CDC54F3-D602-4CFB-B78A-14B0E89A900B}.Release|x86.ActiveCfg = Release|x64
		{A00B7D20-BA74-4E46-AECF-4028E492F0D4}.Debug|ARM.ActiveCfg = Debug|x64
		{A00B7D20-BA74-4E46-AECF-4028E492F0D4}.Debug|x64.ActiveCfg = Debug|x64
		{A00B7D20-BA74-4E46-AECF-4028E492F0D4}.Debug|x86.ActiveCfg = Debug|x64
		{A00B7D20-BA74-4E46-AECF-4028E492F0D4}.Release|ARM.ActiveCfg = Release|x64
		{A00B7D20-BA74-4E46-AECF-4028E492F0D4}.Release|x64.ActiveCfg = Release|x64
		{A00B7D20-BA74-4E46-AECF-4028E492F0D4}.Release|x86.ActiveCfg = Release|x64
		{5EA95B1D-F4C4-4769-99CE-53B5655DBA7B}.Debug|ARM.ActiveCfg = Debug|x64
		{5EA95B1D-F4C4-4769-99CE-53B5655DBA7B}.Debug|x64.ActiveCfg = Debug|x64
		{5EA95B1D-F4C4-4769-99CE-53B5655DBA7B}.Debug|x86.ActiveCfg = Debug|x64
		{5EA95B1D-F4C4-4769-99CE-53B5655DBA7B}.Release|ARM.ActiveCfg = Release|x64
		{5EA95B1D-F4C4-4769-99CE-53B5655DBA7B}.Release|x64.ActiveCfg = Release|x64
		{5EA95B1D-F4C4-4769-99CE-53B5655DBA7B}.Release|x86.ActiveCfg = Release|x64
		{31F0C7B2-2745-47C5-9AFD-FEA48710DFF9}.Debug|ARM.ActiveCfg = Debug|x64
		{31F0C7B2-2745-47C5-9AFD-FEA48710DFF9}.Debug|x64.ActiveCfg = Debug|x64
		{31F0C7B2-2745-47C5-9AFD-FEA48710DFF9}.Debug|x64.Build.0 = Debug|x64
		{31F0C7B2-2745-47C5-9AFD-FEA48710DFF9}.Debug|x64.Deploy.0 = Debug|x64
		{31F0C7B2-2745-47C5-9AFD-FEA48710DFF9}.Debug|x86.ActiveCfg = Debug|x64
		{31F0C7B2-2745-47C5-9AFD-FEA48710DFF9}.Release|ARM.ActiveCfg = Release|x64
		{31F0C7B2-2745-47C5-9AFD-FEA48710DFF9}.Release|x64.ActiveCfg = Release|x64
		{31F0C7B2-2745-47C5-9AFD-FEA48710DFF9}.Release|x64.Build.0 = Release|x64
		{31F0C7B2-2745-47C5-9AFD-FEA48710DFF9}.Release|x64.Deploy.0 = Release|x64
		{31F0C7B2-2745-47C5-9AFD-FEA48710DFF9}.Release|x86.ActiveCfg = Release|x64
		{1E85585B-E426-404F-AD40-E4FDD6352F30}.Debug|ARM.ActiveCfg = Debug|x64
		{1E85585B-E426-404F-AD40-E4FDD6352F30}.Debug|x64.ActiveCfg = Debug|x64
		{1E85585B-E426-404F-AD40-E4FDD6352F30}.Debug|x86.ActiveCfg = Debug|x64
		{1E85585B-E426-404F-AD40-E4FDD6352F30}.Release|ARM.ActiveCfg = Release|x64
		{1E85585B-E426-404F-AD40-E4FDD6352F30}.Release|x64.ActiveCfg = Release|x64
		{1E85585B-E426-404F-AD40-E4FDD6352F30}.Release|x86.ActiveCfg = Release|x64
		{453F9025-FAC0-458E-B4C7-15504150D3A2}.Debug|ARM.ActiveCfg = Debug|x64
		{453F9025-FAC0-458E-B4C7-15504150D3A2}.Debug|x64.ActiveCfg = Debug|x64
		{453F9025-FAC0-458E-B4C7-15504150D3A2}.Debug|x64.Build.0 = Debug|x64
		{453F9025-FAC0-458E-B4C7-15504150D3A2}.Debug|x64.Deploy.0 = Debug|x64
		{453F9025-FAC0-458E-B4C7-15504150D3A2}.Debug|x86.ActiveCfg = Debug|x64
		{453F9025-FAC0-458E-B4C7-15504150D3A2}.Release|ARM.ActiveCfg = Release|x64
		{453F9025-FAC0-458E-B4C7-15504150D3A2}.Release|x64.ActiveCfg = Release|x64
		{453F9025-FAC0-458E-B4C7-15504150D3A2}.Release|x64.Build.0 = Release|x64
		{453F9025-FAC0-458E-B4C7-15504150D3A2}.Release|x64.Deploy.0 = Release|x64
		{453F9025-FAC0-458E-B4C7-15504150D3A2}.Release|x86.ActiveCfg = Release|x64
		{159B558D-CE4D-4678-9055-F3DBBBDEC9DD}.Debug|ARM.ActiveCfg = Debug|x64
		{159B558D-CE4D-4678-9055-F3DBBBDEC9DD}.Debug|x64.ActiveCfg = Debug|x64
		{159B558D-CE4D-4678-9055-F3DBBBDEC9DD}.Debug|x86.ActiveCfg = Debug|x64
		{159B558D-CE4D-4678-9055-F3DBBBDEC9DD}.Release|ARM.ActiveCfg = Release|x64
		{159B558D-CE4D-4678-9055-F3DBBBDEC9DD}.Release|x64.ActiveCfg = Release|x64
		{159B558D-CE4D-4678-9055-F3DBBBDEC9DD}.Release|x86.ActiveCfg = Release|x64
		{EFECDF15-2F17-4430-AA16-4E52A0778806}.Debug|ARM.ActiveCfg = Debug|x64
		{EFECDF15-2F17-4430-AA16-4E52A0778806}.Debug|x64.ActiveCfg = Debug|x64
		{EFECDF15-2F17-4430-AA16-4E52A0778806}.Debug|x64.Build.0 = Debug|x64
		{EFECDF15-2F17-4430-AA16-4E52A0778806}.Debug|x64.Deploy.0 = Debug|x64
		{EFECDF15-2F17-4430-AA16-4E52A0778806}.Debug|x86.ActiveCfg = Debug|x64
		{EFECDF15-2F17-4430-AA16-4E52A0778806}.Release|ARM.ActiveCfg = Release|x64
		{EFECDF15-2F17-4430-AA16-4E52A0778806}.Release|x64.ActiveCfg = Release|x64
		{EFECDF15-2F17-4430-AA16-4E52A0778806}.Release|x64.Build.0 = Release|x64
		{EFECDF15-2F17-4430-AA16-4E52A0778806}.Release|x64.Deploy.0 = Release|x64
		{EFECDF15-2F17-4430-AA16-4E52A0778806}.Release|x86.ActiveCfg = Release|x64
		{C31AB242-D30F-4E78-A895-817C66E13AB9}.Debug|ARM.ActiveCfg = Debug|x64
		{C31AB242-D30F-4E78-A895-817C66E13AB9}.Debug|x64.ActiveCfg = Debug|x64
		{C31AB242-D30F-4E78-A895-817C66E13AB9}.Debug|x86.ActiveCfg = Debug|x64
		{C31AB242-D30F-4E78-A895-817C66E13AB9}.Release|ARM.ActiveCfg = Release|x64
		{C31AB242-D30F-4E78-A895-817C66E13AB9}.Release|x64.ActiveCfg = Release|x64
		{C31AB242-D30F-4E78-A895-817C66E13AB9}.Release|x86.ActiveCfg = Release|x64
		{909D1073-679D-432E-B291-E293255B25EB}.Debug|ARM.ActiveCfg = Debug|x64
		{909D1073-679D-432E-B291-E293255B25EB}.Debug|x64.ActiveCfg = Debug|x64
		{909D1073-679D-432E-B291-E293255B25EB}.Debug|x64.Build.0 = Debug|x64
		{909D1073-679D-432E-B291-E293255B25EB}.Debug|x64.Deploy.0 = Debug|x64
		{909D1073-679D-432E-B291-E293255B25EB}.Debug|x86.ActiveCfg = Debug|x64
		{909D1073-679D-432E-B291-E293255B25EB}.Release|ARM.ActiveCfg = Release|x64
		{909D1073-679D-432E-B291-E293255B25EB}.Release|x64.ActiveCfg = Release|x64
		{909D1073-679D-432E-B291-E293255B25EB}.Release|x64.Build.0 = Release|x64
		{909D1073-679D-432E-B291-E293255B25EB}.Release|x64.Deploy.0 = Release|x64
		{909D1073-679D-432E-B291-E293255B25EB}.Release|x86.ActiveCfg = Release|x64
		{0047461E-9DE0-4FFF-B1E2-78AFDF5A4D80}.Debug|ARM.ActiveCfg = Debug|x64
		{0047461E-9DE0-4FFF-B1E2-78AFDF5A4D80}.Debug|x64.ActiveCfg = Debug|x64
		{0047461E-9DE0-4FFF-B1E2-78AFDF5A4D80}.Debug|x86.ActiveCfg = Debug|x64
		{0047461E-9DE0-4FFF-B1E2-78AFDF5A4D80}.Release|ARM.ActiveCfg = Release|x64
		{0047461E-9DE0-4FFF-B1E2-78AFDF5A4D80}.Release|x64.ActiveCfg = Release|x64
		{0047461E-9DE0-4FFF-B1E2-78AFDF5A4D80}.Release|x86.ActiveCfg = Release|x64
		{375F7D43-81B4-466C-8217-753458A2FB7B}.Debug|ARM.ActiveCfg = Debug|x64
		{375F7D43-81B4-466C-8217-753458A2FB7B}.Debug|x64.ActiveCfg = Debug|x64
		{375F7D43-81B4-466C-8217-753458A2FB7B}.Debug|x64.Build.0 = Debug|x64
		{375F7D43-81B4-466C-8217-753458A2FB7B}.Debug|x64.Deploy.0 = Debug|x64
		{375F7D43-81B4-466C-8217-753458A2FB7B}.Debug|x86.ActiveCfg = Debug|x64
		{375F7D43-81B4-466C-8217-753458A2FB7B}.Release|ARM.ActiveCfg = Release|x64
		{375F7D43-81B4-466C-8217-753458A2FB7B}.Release|x64.ActiveCfg = Release|x64
		{375F7D43-81B4-466C-8217-753458A2FB7B}.Release|x64.Build.0 = Release|x64
		{375F7D43-81B4-466C-8217-753458A2FB7B}.Release|x64.Deploy.0 = Release|x64
		{375F7D43-81B4-466C-8217-753458A2FB7B}.Release|x86.ActiveCfg = Release|x64
		{489BE6DF-4192-4AAA-9A99-490A6C48FCFA}.Debug|ARM.ActiveCfg = Debug|x64
		{489BE6DF-4192-4AAA-9A99-490A6C48FCFA}.Debug|x64.ActiveCfg = Debug|x64
		{489BE6DF-4192-4AAA-9A99-490A6C48FCFA}.Debug|x86.ActiveCfg = Debug|x64
		{489BE6DF-4192-4AAA-9A99-490A6C48FCFA}.Release|ARM.ActiveCfg = Release|x64
		{489BE6DF-4192-4AAA-9A99-490A6C48FCFA}.Release|x64.ActiveCfg = Release|x64
		{489BE6DF-4192-4AAA-9A99-490A6C48FCFA}.Release|x86.ActiveCfg = Release|x64
		{EC2EF94A-3568-4CEB-9DFF-6B8ED50480C0}.Debug|ARM.ActiveCfg = Debug|x64
		{EC2EF94A-3568-4CEB-9DFF-6B8ED50480C0}.Debug|x64.ActiveCfg = Debug|x64
		{EC2EF94A-3568-4CEB-9DFF-6B8ED50480C0}.Debug|x64.Build.0 = Debug|x64
		{EC2EF94A-3568-4CEB-9DFF-6B8ED50480C0}.Debug|x64.Deploy.0 = Debug|x64
		{EC2EF94A-3568-4CEB-9DFF-6B8ED50480C0}.Debug|x86.ActiveCfg = Debug|x64
		{EC2EF94A-3568-4CEB-9DFF-6B8ED50480C0}.Release|ARM.ActiveCfg = Release|x64
		{EC2EF94A-3568-4CEB-9DFF-6B8ED50480C0}.Release|x64.ActiveCfg = Release|x64
		{EC2EF94A-3568-4CEB-9DFF-6B8ED50480C0}.Release|x64.Build.0 = Release|x64
		{EC2EF94A-3568-4CEB-9DFF-6B8ED50480C0}.Release|x64.Deploy.0 = Release|x64
		{EC2EF94A-3568-4CEB-9DFF-6B8ED50480C0}.Release|x86.ActiveCfg = Release|x64
		{163EA34E-0BB8-4435-9779-90929ABCC8E2}.Debug|ARM.ActiveCfg = Debug|x64
		{163EA34E-0BB8-4435-9779-90929ABCC8E2}.Debug|x64.ActiveCfg = Debug|x64
		{163EA34E-0BB8-4435-9779-90929ABCC8E2}.Debug|x86.ActiveCfg = Debug|x64
		{163EA34E-0BB8-4435-9779-90929ABCC8E2}.Release|ARM.ActiveCfg = Release|x64
		{163EA34E-0BB8-4435-9779-90929ABCC8E2}.Release|x64.ActiveCfg = Release|x64
		{163EA34E-0BB8-4435-9779-90929ABCC8E2}.Release|x86.ActiveCfg = Release|x64
		{7323F2C2-3846-4735-8E06-0F517C868FBB}.Debug|ARM.ActiveCfg = Debug|x64
		{7323F2C2-3846-4735-8E06-0F517C868FBB}.Debug|x64.ActiveCfg = Debug|x64
		{7323F2C2-3846-4735-8E06-0F517C868FBB}.Debug|x64.Build.0 = Debug|x64
		{7323F2C2-3846-4735-8E06-0F517C868FBB}.Debug|x64.Deploy.0 = Debug|x64
		{7323F2C2-3846-4735-8E06-0F517C868FBB}.Debug|x86.ActiveCfg = Debug|x64
		{7323F2C2-3846-4735-8E06-0F517C868FBB}.Release|ARM.ActiveCfg = Release|x64
		{7323F2C2-3846-4735-8E06-0F517C868FBB}.Release|x64.ActiveCfg = Release|x64
		{7323F2C2-3846-4735-8E06-0F517C868FBB}.Release|x64.Build.0 = Release|x64
		{7323F2C2-3846-4735-8E06-0F517C868FBB}.Release|x64.Deploy.0 = Release|x64
		{7323F2C2-3846-4735-8E06-0F517C868FBB}.Release|x86.ActiveCfg = Release|x64
		{260FFF32-96DA-45D5-9BEA-E74BF1D2809E}.Debug|ARM.ActiveCfg = Debug|x64
		{260FFF32-96DA-45D5-9BEA-E74BF1D2809E}.Debug|x64.ActiveCfg = Debug|x64
		{260FFF32-96DA-45D5-9BEA-E74BF1D2809E}.Debug|x86.ActiveCfg = Debug|x64
		{260FFF32-96DA-45D5-9BEA-E74BF1D2809E}.Release|ARM.ActiveCfg = Release|x64
		{260FFF32-96DA-45D5-9BEA-E74BF1D2809E}.Release|x64.ActiveCfg = Release|x64
		{260FFF32-96DA-45D5-9BEA-E74BF1D2809E}.Release|x86.ActiveCfg = Release|x64
		{579A1150-F4EB-41D2-96AE-504F1E33ED1F}.Debug|ARM.ActiveCfg = Debug|x64
		{579A1150-F4EB-41D2-96AE-504F1E33ED1F}.Debug|x64.ActiveCfg = Debug|x64
		{579A1150-F4EB-41D2-96AE-504F1E33ED1F}.Debug|x86.ActiveCfg = Debug|x64
		{579A1150-F4EB-41D2-96AE-504F1E33ED1F}.Release|ARM.ActiveCfg = Release|x64
		{579A1150-F4EB-41D2-96AE-504F1E33ED1F}.Release|x64.ActiveCfg = Release|x64
		{579A1150-F4EB-41D2-96AE-504F1E33ED1F}.Release|x86.ActiveCfg = Release|x64
		{D7456BF1-74CC-4BB0-B8BA-C80E20EAEFDC}.Debug|ARM.ActiveCfg = Debug|x64
		{D7456BF1-74CC-4BB0-B8BA-C80E20EAEFDC}.Debug|x64.ActiveCfg = Debug|x64
		{D7456BF1-74CC-4BB0-B8BA-C80E20EAEFDC}.Debug|x64.Build.0 = Debug|x64
		{D7456BF1-74CC-4BB0-B8BA-C80E20EAEFDC}.Debug|x86.ActiveCfg = Debug|x64
		{D7456BF1-74CC-4BB0-B8BA-C80E20EAEFDC}.Release|ARM.ActiveCfg = Release|x64
		{D7456BF1-74CC-4BB0-B8BA-C80E20EAEFDC}.Release|x64.ActiveCfg = Release|x64
		{D7456BF1-74CC-4BB0-B8BA-C80E20EAEFDC}.Release|x64.Build.0 = Release|x64
		{D7456BF1-74CC-4BB0-B8BA-C80E20EAEFDC}.Release|x86.ActiveCfg = Release|x64
		{0CA85B79-912A-4D30-AD07-36450B47FEBA}.Debug|ARM.ActiveCfg = Debug|ARM
		{0CA85B79-912A-4D30-AD07-36450B47FEBA}.Debug|ARM.Build.0 = Debug|ARM
		{0CA85B79-912A-4D30-AD07-36450B47FEBA}.Debug|x64.ActiveCfg = Debug|x64
		{0CA85B79-912A-4D30-AD07-36450B47FEBA}.Debug|x64.Build.0 = Debug|x64
		{0CA85B79-912A-4D30-AD07-36450B47FEBA}.Debug|x86.ActiveCfg = Debug|Win32
		{0CA85B79-912A-4D30-AD07-36450B47FEBA}.Debug|x86.Build.0 = Debug|Win32
		{0CA85B79-912A-4D30-AD07-36450B47FEBA}.Release|ARM.ActiveCfg = Release|ARM
		{0CA85B79-912A-4D30-AD07-36450B47FEBA}.Release|ARM.Build.0 = Release|ARM
		{0CA85B79-912A-4D30-AD07-36450B47FEBA}.Release|x64.ActiveCfg = Release|x64
		{0CA85B79-912A-4D30-AD07-36450B47FEBA}.Release|x64.Build.0 = Release|x64
		{0CA85B79-912A-4D30-AD07-36450B47FEBA}.Release|x86.ActiveCfg = Release|Win32
		{0CA85B79-912A-4D30-AD07-36450B47FEBA}.Release|x86.Build.0 = Release|Win32
	EndGlobalSection
	GlobalSection(SolutionProperties) = preSolution
		HideSolutionNode = FALSE
	EndGlobalSection
	GlobalSection(NestedProjects) = preSolution
		{475269DD-C182-4846-B95B-0062365552D8} = {CC6D78EB-1C22-4D79-9E60-855C47E6F6D2}
		{5A0AA07B-B7C9-458E-99FB-0371BDDD0BED} = {CC6D78EB-1C22-4D79-9E60-855C47E6F6D2}
		{F7C2BCF6-9BE2-4272-AAD9-6075F4430F5C} = {CC6D78EB-1C22-4D79-9E60-855C47E6F6D2}
		{695D788F-A096-4054-9CE5-A0D9BB018980} = {DAC07CCB-790E-460D-BFAC-6F4C807476F1}
		{35A7860F-9915-49FD-9F2A-F9B4AA5E0965} = {DAC07CCB-790E-460D-BFAC-6F4C807476F1}
		{3C383E1D-6C58-4A4B-B78B-2779354C8C7B} = {DAC07CCB-790E-460D-BFAC-6F4C807476F1}
		{9C5867C5-F9DE-449F-95AE-01B64A9AEB50} = {DAC07CCB-790E-460D-BFAC-6F4C807476F1}
		{9C75511F-9E61-47E0-9DE4-4491AF56B440} = {A57526BF-6786-42F2-991E-900678C95A1C}
		{567BD9A9-E3CD-4FDA-A86E-CD40DF5C4565} = {796EE907-1BFE-45B4-93CC-88F83CAB4980}
		{AD3AD579-91EB-4492-AA03-F78B231B429D} = {A57526BF-6786-42F2-991E-900678C95A1C}
		{78811231-1ED5-485C-8776-ED81AD6EEF13} = {796EE907-1BFE-45B4-93CC-88F83CAB4980}
		{8672655A-B710-4957-A535-A110572274D8} = {A57526BF-6786-42F2-991E-900678C95A1C}
		{286D1D27-893F-42F7-A1C1-96B0DE3E131D} = {796EE907-1BFE-45B4-93CC-88F83CAB4980}
		{97FDE78A-57F0-4C07-B279-747D5EEFB399} = {A57526BF-6786-42F2-991E-900678C95A1C}
		{C271D800-3367-4250-A134-3CF9FA214071} = {796EE907-1BFE-45B4-93CC-88F83CAB4980}
		{770A6C51-203A-4D29-8B14-656B1E11BAA2} = {A57526BF-6786-42F2-991E-900678C95A1C}
		{1ECDE3FD-2884-43E1-93FC-7FA0FC52204C} = {796EE907-1BFE-45B4-93CC-88F83CAB4980}
		{41083FF2-0F8E-4900-B4B1-6720BE86D8AB} = {A57526BF-6786-42F2-991E-900678C95A1C}
		{249CC151-5912-44FE-96A3-31853090D6EF} = {796EE907-1BFE-45B4-93CC-88F83CAB4980}
		{D9E6EAA4-E2FC-45A7-B693-7D13D189DD06} = {A57526BF-6786-42F2-991E-900678C95A1C}
		{217AC99B-7672-4A86-8BF7-6451BB57DF81} = {796EE907-1BFE-45B4-93CC-88F83CAB4980}
		{6CDC54F3-D602-4CFB-B78A-14B0E89A900B} = {A57526BF-6786-42F2-991E-900678C95A1C}
		{A00B7D20-BA74-4E46-AECF-4028E492F0D4} = {796EE907-1BFE-45B4-93CC-88F83CAB4980}
		{5EA95B1D-F4C4-4769-99CE-53B5655DBA7B} = {894A1B5D-C126-49D3-831D-4E5168C179C4}
		{31F0C7B2-2745-47C5-9AFD-FEA48710DFF9} = {A57526BF-6786-42F2-991E-900678C95A1C}
		{1E85585B-E426-404F-AD40-E4FDD6352F30} = {796EE907-1BFE-45B4-93CC-88F83CAB4980}
		{453F9025-FAC0-458E-B4C7-15504150D3A2} = {A57526BF-6786-42F2-991E-900678C95A1C}
		{159B558D-CE4D-4678-9055-F3DBBBDEC9DD} = {796EE907-1BFE-45B4-93CC-88F83CAB4980}
		{EFECDF15-2F17-4430-AA16-4E52A0778806} = {A57526BF-6786-42F2-991E-900678C95A1C}
		{C31AB242-D30F-4E78-A895-817C66E13AB9} = {796EE907-1BFE-45B4-93CC-88F83CAB4980}
		{909D1073-679D-432E-B291-E293255B25EB} = {A57526BF-6786-42F2-991E-900678C95A1C}
		{0047461E-9DE0-4FFF-B1E2-78AFDF5A4D80} = {796EE907-1BFE-45B4-93CC-88F83CAB4980}
		{375F7D43-81B4-466C-8217-753458A2FB7B} = {A57526BF-6786-42F2-991E-900678C95A1C}
		{489BE6DF-4192-4AAA-9A99-490A6C48FCFA} = {796EE907-1BFE-45B4-93CC-88F83CAB4980}
		{EC2EF94A-3568-4CEB-9DFF-6B8ED50480C0} = {A57526BF-6786-42F2-991E-900678C95A1C}
		{163EA34E-0BB8-4435-9779-90929ABCC8E2} = {796EE907-1BFE-45B4-93CC-88F83CAB4980}
		{7323F2C2-3846-4735-8E06-0F517C868FBB} = {A57526BF-6786-42F2-991E-900678C95A1C}
		{260FFF32-96DA-45D5-9BEA-E74BF1D2809E} = {796EE907-1BFE-45B4-93CC-88F83CAB4980}
		{579A1150-F4EB-41D2-96AE-504F1E33ED1F} = {CC6D78EB-1C22-4D79-9E60-855C47E6F6D2}
		{D7456BF1-74CC-4BB0-B8BA-C80E20EAEFDC} = {DAC07CCB-790E-460D-BFAC-6F4C807476F1}
		{0CA85B79-912A-4D30-AD07-36450B47FEBA} = {A57526BF-6786-42F2-991E-900678C95A1C}
	EndGlobalSection
EndGlobal
