Microsoft Visual Studio Solution File, Format Version 12.00
# Visual Studio 14
Project("{8BC9CEB8-8B4A-11D0-8D11-00A0C91BC942}") = "ALL_BUILD", "ALL_BUILD.vcxproj", "{13F8A5AC-A24B-4911-853E-49B9CF5A5C7D}"
	ProjectSection(ProjectDependencies) = postProject
		{38C7A628-0C02-4926-9CDB-4869CAC2FC0B} = {38C7A628-0C02-4926-9CDB-4869CAC2FC0B}
	EndProjectSection
EndProject
Project("{8BC9CEB8-8B4A-11D0-8D11-00A0C91BC942}") = "INSTALL", "INSTALL.vcxproj", "{C04575E0-41A7-4499-9060-5A2C79CECAF0}"
	ProjectSection(ProjectDependencies) = postProject
		{13F8A5AC-A24B-4911-853E-49B9CF5A5C7D} = {13F8A5AC-A24B-4911-853E-49B9CF5A5C7D}
	EndProjectSection
EndProject
Project("{8BC9CEB8-8B4A-11D0-8D11-00A0C91BC942}") = "PACKAGE", "PACKAGE.vcxproj", "{3EEDC26E-0FCC-4DFA-B66B-AEEC2A28BB0A}"
	ProjectSection(ProjectDependencies) = postProject
		{13F8A5AC-A24B-4911-853E-49B9CF5A5C7D} = {13F8A5AC-A24B-4911-853E-49B9CF5A5C7D}
	EndProjectSection
EndProject
Project("{8BC9CEB8-8B4A-11D0-8D11-00A0C91BC942}") = "ZERO_CHECK", "..\..\ZERO_CHECK.vcxproj", "{14BF26F8-F9CC-4B1D-AF14-75250463B102}"
	ProjectSection(ProjectDependencies) = postProject
	EndProjectSection
EndProject
Project("{8BC9CEB8-8B4A-11D0-8D11-00A0C91BC942}") = "libjasper", "..\..\3rdparty\libjasper\libjasper.vcxproj", "{05CE52CC-3112-453C-A2D6-C50B13D25281}"
	ProjectSection(ProjectDependencies) = postProject
		{14BF26F8-F9CC-4B1D-AF14-75250463B102} = {14BF26F8-F9CC-4B1D-AF14-75250463B102}
	EndProjectSection
EndProject
Project("{8BC9CEB8-8B4A-11D0-8D11-00A0C91BC942}") = "libjpeg", "..\..\3rdparty\libjpeg\libjpeg.vcxproj", "{B7C7735F-4BC3-41B3-A51A-262DF37E8C83}"
	ProjectSection(ProjectDependencies) = postProject
		{14BF26F8-F9CC-4B1D-AF14-75250463B102} = {14BF26F8-F9CC-4B1D-AF14-75250463B102}
	EndProjectSection
EndProject
Project("{8BC9CEB8-8B4A-11D0-8D11-00A0C91BC942}") = "libpng", "..\..\3rdparty\libpng\libpng.vcxproj", "{DA03D0BA-E499-4755-A50D-D52FA5F86F71}"
	ProjectSection(ProjectDependencies) = postProject
		{14BF26F8-F9CC-4B1D-AF14-75250463B102} = {14BF26F8-F9CC-4B1D-AF14-75250463B102}
		{1D0DEE65-ED23-48AA-9E4B-201225935D01} = {1D0DEE65-ED23-48AA-9E4B-201225935D01}
	EndProjectSection
EndProject
Project("{8BC9CEB8-8B4A-11D0-8D11-00A0C91BC942}") = "libtiff", "..\..\3rdparty\libtiff\libtiff.vcxproj", "{CB665024-EBDD-4F85-9CE9-7E04B2C1BBEC}"
	ProjectSection(ProjectDependencies) = postProject
		{14BF26F8-F9CC-4B1D-AF14-75250463B102} = {14BF26F8-F9CC-4B1D-AF14-75250463B102}
		{1D0DEE65-ED23-48AA-9E4B-201225935D01} = {1D0DEE65-ED23-48AA-9E4B-201225935D01}
	EndProjectSection
EndProject
Project("{8BC9CEB8-8B4A-11D0-8D11-00A0C91BC942}") = "opencv_core", "..\core\opencv_core.vcxproj", "{0316DD57-4D5D-4E1A-88B2-6534F3107542}"
	ProjectSection(ProjectDependencies) = postProject
		{14BF26F8-F9CC-4B1D-AF14-75250463B102} = {14BF26F8-F9CC-4B1D-AF14-75250463B102}
		{ED6F12A1-E1A9-4D89-A606-8F299A1B3E2A} = {ED6F12A1-E1A9-4D89-A606-8F299A1B3E2A}
		{1D0DEE65-ED23-48AA-9E4B-201225935D01} = {1D0DEE65-ED23-48AA-9E4B-201225935D01}
	EndProjectSection
EndProject
Project("{8BC9CEB8-8B4A-11D0-8D11-00A0C91BC942}") = "opencv_hal", "..\hal\opencv_hal.vcxproj", "{ED6F12A1-E1A9-4D89-A606-8F299A1B3E2A}"
	ProjectSection(ProjectDependencies) = postProject
		{14BF26F8-F9CC-4B1D-AF14-75250463B102} = {14BF26F8-F9CC-4B1D-AF14-75250463B102}
	EndProjectSection
EndProject
Project("{8BC9CEB8-8B4A-11D0-8D11-00A0C91BC942}") = "opencv_imgcodecs", "opencv_imgcodecs.vcxproj", "{38C7A628-0C02-4926-9CDB-4869CAC2FC0B}"
	ProjectSection(ProjectDependencies) = postProject
		{14BF26F8-F9CC-4B1D-AF14-75250463B102} = {14BF26F8-F9CC-4B1D-AF14-75250463B102}
		{05CE52CC-3112-453C-A2D6-C50B13D25281} = {05CE52CC-3112-453C-A2D6-C50B13D25281}
		{B7C7735F-4BC3-41B3-A51A-262DF37E8C83} = {B7C7735F-4BC3-41B3-A51A-262DF37E8C83}
		{DA03D0BA-E499-4755-A50D-D52FA5F86F71} = {DA03D0BA-E499-4755-A50D-D52FA5F86F71}
		{CB665024-EBDD-4F85-9CE9-7E04B2C1BBEC} = {CB665024-EBDD-4F85-9CE9-7E04B2C1BBEC}
		{0316DD57-4D5D-4E1A-88B2-6534F3107542} = {0316DD57-4D5D-4E1A-88B2-6534F3107542}
		{ED6F12A1-E1A9-4D89-A606-8F299A1B3E2A} = {ED6F12A1-E1A9-4D89-A606-8F299A1B3E2A}
		{8F0814BE-1833-41FA-B0B2-0424F3EF899A} = {8F0814BE-1833-41FA-B0B2-0424F3EF899A}
		{1D0DEE65-ED23-48AA-9E4B-201225935D01} = {1D0DEE65-ED23-48AA-9E4B-201225935D01}
	EndProjectSection
EndProject
Project("{8BC9CEB8-8B4A-11D0-8D11-00A0C91BC942}") = "opencv_imgcodecs_object", "opencv_imgcodecs_object.vcxproj", "{F3AD98BC-104E-4EFE-9304-D9D7B34D7646}"
	ProjectSection(ProjectDependencies) = postProject
		{14BF26F8-F9CC-4B1D-AF14-75250463B102} = {14BF26F8-F9CC-4B1D-AF14-75250463B102}
	EndProjectSection
EndProject
Project("{8BC9CEB8-8B4A-11D0-8D11-00A0C91BC942}") = "opencv_imgproc", "..\imgproc\opencv_imgproc.vcxproj", "{8F0814BE-1833-41FA-B0B2-0424F3EF899A}"
	ProjectSection(ProjectDependencies) = postProject
		{14BF26F8-F9CC-4B1D-AF14-75250463B102} = {14BF26F8-F9CC-4B1D-AF14-75250463B102}
		{0316DD57-4D5D-4E1A-88B2-6534F3107542} = {0316DD57-4D5D-4E1A-88B2-6534F3107542}
		{ED6F12A1-E1A9-4D89-A606-8F299A1B3E2A} = {ED6F12A1-E1A9-4D89-A606-8F299A1B3E2A}
	EndProjectSection
EndProject
Project("{8BC9CEB8-8B4A-11D0-8D11-00A0C91BC942}") = "zlib", "..\..\3rdparty\zlib\zlib.vcxproj", "{1D0DEE65-ED23-48AA-9E4B-201225935D01}"
	ProjectSection(ProjectDependencies) = postProject
		{14BF26F8-F9CC-4B1D-AF14-75250463B102} = {14BF26F8-F9CC-4B1D-AF14-75250463B102}
	EndProjectSection
EndProject
Project("{2150E333-8FDC-42A3-9474-1A3956D46DE8}") = "3rdparty", "3rdparty", "{322B37FF-68D4-48FD-9321-5DA4883AA24E}"
EndProject
Project("{2150E333-8FDC-42A3-9474-1A3956D46DE8}") = "CMakeTargets", "CMakeTargets", "{54021ACF-E474-4304-8203-7987035E9E9B}"
EndProject
Project("{2150E333-8FDC-42A3-9474-1A3956D46DE8}") = "modules", "modules", "{4EEB84BE-4F05-49AC-BC6E-F2BC1F8892DA}"
EndProject
Project("{2150E333-8FDC-42A3-9474-1A3956D46DE8}") = "object_libraries", "object_libraries", "{F20C2951-963C-41AD-B402-E4FC442E19E4}"
EndProject
Global
	GlobalSection(SolutionConfigurationPlatforms) = preSolution
		Debug|ARM = Debug|ARM
		Release|ARM = Release|ARM
	EndGlobalSection
	GlobalSection(ProjectConfigurationPlatforms) = postSolution
		{13F8A5AC-A24B-4911-853E-49B9CF5A5C7D}.Debug|ARM.ActiveCfg = Debug|ARM
		{13F8A5AC-A24B-4911-853E-49B9CF5A5C7D}.Debug|ARM.Build.0 = Debug|ARM
		{13F8A5AC-A24B-4911-853E-49B9CF5A5C7D}.Release|ARM.ActiveCfg = Release|ARM
		{13F8A5AC-A24B-4911-853E-49B9CF5A5C7D}.Release|ARM.Build.0 = Release|ARM
		{C04575E0-41A7-4499-9060-5A2C79CECAF0}.Debug|ARM.ActiveCfg = Debug|ARM
		{C04575E0-41A7-4499-9060-5A2C79CECAF0}.Release|ARM.ActiveCfg = Release|ARM
		{3EEDC26E-0FCC-4DFA-B66B-AEEC2A28BB0A}.Debug|ARM.ActiveCfg = Debug|ARM
		{3EEDC26E-0FCC-4DFA-B66B-AEEC2A28BB0A}.Release|ARM.ActiveCfg = Release|ARM
		{14BF26F8-F9CC-4B1D-AF14-75250463B102}.Debug|ARM.ActiveCfg = Debug|ARM
		{14BF26F8-F9CC-4B1D-AF14-75250463B102}.Debug|ARM.Build.0 = Debug|ARM
		{14BF26F8-F9CC-4B1D-AF14-75250463B102}.Release|ARM.ActiveCfg = Release|ARM
		{14BF26F8-F9CC-4B1D-AF14-75250463B102}.Release|ARM.Build.0 = Release|ARM
		{05CE52CC-3112-453C-A2D6-C50B13D25281}.Debug|ARM.ActiveCfg = Debug|ARM
		{05CE52CC-3112-453C-A2D6-C50B13D25281}.Debug|ARM.Build.0 = Debug|ARM
		{05CE52CC-3112-453C-A2D6-C50B13D25281}.Release|ARM.ActiveCfg = Release|ARM
		{05CE52CC-3112-453C-A2D6-C50B13D25281}.Release|ARM.Build.0 = Release|ARM
		{B7C7735F-4BC3-41B3-A51A-262DF37E8C83}.Debug|ARM.ActiveCfg = Debug|ARM
		{B7C7735F-4BC3-41B3-A51A-262DF37E8C83}.Debug|ARM.Build.0 = Debug|ARM
		{B7C7735F-4BC3-41B3-A51A-262DF37E8C83}.Release|ARM.ActiveCfg = Release|ARM
		{B7C7735F-4BC3-41B3-A51A-262DF37E8C83}.Release|ARM.Build.0 = Release|ARM
		{DA03D0BA-E499-4755-A50D-D52FA5F86F71}.Debug|ARM.ActiveCfg = Debug|ARM
		{DA03D0BA-E499-4755-A50D-D52FA5F86F71}.Debug|ARM.Build.0 = Debug|ARM
		{DA03D0BA-E499-4755-A50D-D52FA5F86F71}.Release|ARM.ActiveCfg = Release|ARM
		{DA03D0BA-E499-4755-A50D-D52FA5F86F71}.Release|ARM.Build.0 = Release|ARM
		{CB665024-EBDD-4F85-9CE9-7E04B2C1BBEC}.Debug|ARM.ActiveCfg = Debug|ARM
		{CB665024-EBDD-4F85-9CE9-7E04B2C1BBEC}.Debug|ARM.Build.0 = Debug|ARM
		{CB665024-EBDD-4F85-9CE9-7E04B2C1BBEC}.Release|ARM.ActiveCfg = Release|ARM
		{CB665024-EBDD-4F85-9CE9-7E04B2C1BBEC}.Release|ARM.Build.0 = Release|ARM
		{0316DD57-4D5D-4E1A-88B2-6534F3107542}.Debug|ARM.ActiveCfg = Debug|ARM
		{0316DD57-4D5D-4E1A-88B2-6534F3107542}.Debug|ARM.Build.0 = Debug|ARM
		{0316DD57-4D5D-4E1A-88B2-6534F3107542}.Debug|ARM.Deploy.0 = Debug|ARM
		{0316DD57-4D5D-4E1A-88B2-6534F3107542}.Release|ARM.ActiveCfg = Release|ARM
		{0316DD57-4D5D-4E1A-88B2-6534F3107542}.Release|ARM.Build.0 = Release|ARM
		{0316DD57-4D5D-4E1A-88B2-6534F3107542}.Release|ARM.Deploy.0 = Release|ARM
		{ED6F12A1-E1A9-4D89-A606-8F299A1B3E2A}.Debug|ARM.ActiveCfg = Debug|ARM
		{ED6F12A1-E1A9-4D89-A606-8F299A1B3E2A}.Debug|ARM.Build.0 = Debug|ARM
		{ED6F12A1-E1A9-4D89-A606-8F299A1B3E2A}.Release|ARM.ActiveCfg = Release|ARM
		{ED6F12A1-E1A9-4D89-A606-8F299A1B3E2A}.Release|ARM.Build.0 = Release|ARM
		{38C7A628-0C02-4926-9CDB-4869CAC2FC0B}.Debug|ARM.ActiveCfg = Debug|ARM
		{38C7A628-0C02-4926-9CDB-4869CAC2FC0B}.Debug|ARM.Build.0 = Debug|ARM
		{38C7A628-0C02-4926-9CDB-4869CAC2FC0B}.Debug|ARM.Deploy.0 = Debug|ARM
		{38C7A628-0C02-4926-9CDB-4869CAC2FC0B}.Release|ARM.ActiveCfg = Release|ARM
		{38C7A628-0C02-4926-9CDB-4869CAC2FC0B}.Release|ARM.Build.0 = Release|ARM
		{38C7A628-0C02-4926-9CDB-4869CAC2FC0B}.Release|ARM.Deploy.0 = Release|ARM
		{F3AD98BC-104E-4EFE-9304-D9D7B34D7646}.Debug|ARM.ActiveCfg = Debug|ARM
		{F3AD98BC-104E-4EFE-9304-D9D7B34D7646}.Release|ARM.ActiveCfg = Release|ARM
		{8F0814BE-1833-41FA-B0B2-0424F3EF899A}.Debug|ARM.ActiveCfg = Debug|ARM
		{8F0814BE-1833-41FA-B0B2-0424F3EF899A}.Debug|ARM.Build.0 = Debug|ARM
		{8F0814BE-1833-41FA-B0B2-0424F3EF899A}.Debug|ARM.Deploy.0 = Debug|ARM
		{8F0814BE-1833-41FA-B0B2-0424F3EF899A}.Release|ARM.ActiveCfg = Release|ARM
		{8F0814BE-1833-41FA-B0B2-0424F3EF899A}.Release|ARM.Build.0 = Release|ARM
		{8F0814BE-1833-41FA-B0B2-0424F3EF899A}.Release|ARM.Deploy.0 = Release|ARM
		{1D0DEE65-ED23-48AA-9E4B-201225935D01}.Debug|ARM.ActiveCfg = Debug|ARM
		{1D0DEE65-ED23-48AA-9E4B-201225935D01}.Debug|ARM.Build.0 = Debug|ARM
		{1D0DEE65-ED23-48AA-9E4B-201225935D01}.Release|ARM.ActiveCfg = Release|ARM
		{1D0DEE65-ED23-48AA-9E4B-201225935D01}.Release|ARM.Build.0 = Release|ARM
	EndGlobalSection
	GlobalSection(NestedProjects) = preSolution
		{05CE52CC-3112-453C-A2D6-C50B13D25281} = {322B37FF-68D4-48FD-9321-5DA4883AA24E}
		{B7C7735F-4BC3-41B3-A51A-262DF37E8C83} = {322B37FF-68D4-48FD-9321-5DA4883AA24E}
		{DA03D0BA-E499-4755-A50D-D52FA5F86F71} = {322B37FF-68D4-48FD-9321-5DA4883AA24E}
		{CB665024-EBDD-4F85-9CE9-7E04B2C1BBEC} = {322B37FF-68D4-48FD-9321-5DA4883AA24E}
		{1D0DEE65-ED23-48AA-9E4B-201225935D01} = {322B37FF-68D4-48FD-9321-5DA4883AA24E}
		{C04575E0-41A7-4499-9060-5A2C79CECAF0} = {54021ACF-E474-4304-8203-7987035E9E9B}
		{3EEDC26E-0FCC-4DFA-B66B-AEEC2A28BB0A} = {54021ACF-E474-4304-8203-7987035E9E9B}
		{14BF26F8-F9CC-4B1D-AF14-75250463B102} = {54021ACF-E474-4304-8203-7987035E9E9B}
		{0316DD57-4D5D-4E1A-88B2-6534F3107542} = {4EEB84BE-4F05-49AC-BC6E-F2BC1F8892DA}
		{ED6F12A1-E1A9-4D89-A606-8F299A1B3E2A} = {4EEB84BE-4F05-49AC-BC6E-F2BC1F8892DA}
		{38C7A628-0C02-4926-9CDB-4869CAC2FC0B} = {4EEB84BE-4F05-49AC-BC6E-F2BC1F8892DA}
		{8F0814BE-1833-41FA-B0B2-0424F3EF899A} = {4EEB84BE-4F05-49AC-BC6E-F2BC1F8892DA}
		{F3AD98BC-104E-4EFE-9304-D9D7B34D7646} = {F20C2951-963C-41AD-B402-E4FC442E19E4}
	EndGlobalSection
	GlobalSection(ExtensibilityGlobals) = postSolution
	EndGlobalSection
	GlobalSection(ExtensibilityAddIns) = postSolution
	EndGlobalSection
EndGlobal
