<?xml version="1.0" encoding="UTF-8"?>
<Project ToolsVersion="14.0" xmlns="http://schemas.microsoft.com/developer/msbuild/2003">
  <ItemGroup>
    <ClCompile Include="..\..\..\..\..\..\modules\imgproc\src\accum.cpp">
      <Filter>Src</Filter>
    </ClCompile>
    <ClCompile Include="..\..\..\..\..\..\modules\imgproc\src\approx.cpp">
      <Filter>Src</Filter>
    </ClCompile>
    <ClCompile Include="..\..\..\..\..\..\modules\imgproc\src\blend.cpp">
      <Filter>Src</Filter>
    </ClCompile>
    <ClCompile Include="..\..\..\..\..\..\modules\imgproc\src\canny.cpp">
      <Filter>Src</Filter>
    </ClCompile>
    <ClCompile Include="..\..\..\..\..\..\modules\imgproc\src\clahe.cpp">
      <Filter>Src</Filter>
    </ClCompile>
    <ClCompile Include="..\..\..\..\..\..\modules\imgproc\src\color.cpp">
      <Filter>Src</Filter>
    </ClCompile>
    <ClCompile Include="..\..\..\..\..\..\modules\imgproc\src\colormap.cpp">
      <Filter>Src</Filter>
    </ClCompile>
    <ClCompile Include="..\..\..\..\..\..\modules\imgproc\src\connectedcomponents.cpp">
      <Filter>Src</Filter>
    </ClCompile>
    <ClCompile Include="..\..\..\..\..\..\modules\imgproc\src\contours.cpp">
      <Filter>Src</Filter>
    </ClCompile>
    <ClCompile Include="..\..\..\..\..\..\modules\imgproc\src\convhull.cpp">
      <Filter>Src</Filter>
    </ClCompile>
    <ClCompile Include="..\..\..\..\..\..\modules\imgproc\src\corner.cpp">
      <Filter>Src</Filter>
    </ClCompile>
    <ClCompile Include="..\..\..\..\..\..\modules\imgproc\src\cornersubpix.cpp">
      <Filter>Src</Filter>
    </ClCompile>
    <ClCompile Include="..\..\..\..\..\..\modules\imgproc\src\demosaicing.cpp">
      <Filter>Src</Filter>
    </ClCompile>
    <ClCompile Include="..\..\..\..\..\..\modules\imgproc\src\deriv.cpp">
      <Filter>Src</Filter>
    </ClCompile>
    <ClCompile Include="..\..\..\..\..\..\modules\imgproc\src\distransform.cpp">
      <Filter>Src</Filter>
    </ClCompile>
    <ClCompile Include="..\..\..\..\..\..\modules\imgproc\src\drawing.cpp">
      <Filter>Src</Filter>
    </ClCompile>
    <ClCompile Include="..\..\..\..\..\..\modules\imgproc\src\emd.cpp">
      <Filter>Src</Filter>
    </ClCompile>
    <ClCompile Include="..\..\..\..\..\..\modules\imgproc\src\featureselect.cpp">
      <Filter>Src</Filter>
    </ClCompile>
    <ClCompile Include="..\..\..\..\..\..\modules\imgproc\src\filter.cpp">
      <Filter>Src</Filter>
    </ClCompile>
    <ClCompile Include="..\..\..\..\..\..\modules\imgproc\src\floodfill.cpp">
      <Filter>Src</Filter>
    </ClCompile>
    <ClCompile Include="..\..\..\..\..\..\modules\imgproc\src\gabor.cpp">
      <Filter>Src</Filter>
    </ClCompile>
    <ClCompile Include="..\..\..\..\..\..\modules\imgproc\src\generalized_hough.cpp">
      <Filter>Src</Filter>
    </ClCompile>
    <ClCompile Include="..\..\..\..\..\..\modules\imgproc\src\geometry.cpp">
      <Filter>Src</Filter>
    </ClCompile>
    <ClCompile Include="..\..\..\..\..\..\modules\imgproc\src\grabcut.cpp">
      <Filter>Src</Filter>
    </ClCompile>
    <ClCompile Include="..\..\..\..\..\..\modules\imgproc\src\hershey_fonts.cpp">
      <Filter>Src</Filter>
    </ClCompile>
    <ClCompile Include="..\..\..\..\..\..\modules\imgproc\src\histogram.cpp">
      <Filter>Src</Filter>
    </ClCompile>
    <ClCompile Include="..\..\..\..\..\..\modules\imgproc\src\hough.cpp">
      <Filter>Src</Filter>
    </ClCompile>
    <ClCompile Include="..\..\..\..\..\..\modules\imgproc\src\imgwarp.cpp">
      <Filter>Src</Filter>
    </ClCompile>
    <ClCompile Include="..\..\..\..\..\..\modules\imgproc\src\intersection.cpp">
      <Filter>Src</Filter>
    </ClCompile>
    <ClCompile Include="..\..\..\..\..\..\modules\imgproc\src\linefit.cpp">
      <Filter>Src</Filter>
    </ClCompile>
    <ClCompile Include="..\..\..\..\..\..\modules\imgproc\src\lsd.cpp">
      <Filter>Src</Filter>
    </ClCompile>
    <ClCompile Include="..\..\..\..\..\..\modules\imgproc\src\matchcontours.cpp">
      <Filter>Src</Filter>
    </ClCompile>
    <ClCompile Include="..\..\..\..\..\..\modules\imgproc\src\min_enclosing_triangle.cpp">
      <Filter>Src</Filter>
    </ClCompile>
    <ClCompile Include="..\..\..\..\..\..\modules\imgproc\src\moments.cpp">
      <Filter>Src</Filter>
    </ClCompile>
    <ClCompile Include="..\..\..\..\..\..\modules\imgproc\src\morph.cpp">
      <Filter>Src</Filter>
    </ClCompile>
    <ClCompile Include="..\..\..\..\..\..\modules\imgproc\src\phasecorr.cpp">
      <Filter>Src</Filter>
    </ClCompile>
    <ClCompile Include="..\..\..\..\..\..\modules\imgproc\src\pyramids.cpp">
      <Filter>Src</Filter>
    </ClCompile>
    <ClCompile Include="..\..\..\..\..\..\modules\imgproc\src\rotcalipers.cpp">
      <Filter>Src</Filter>
    </ClCompile>
    <ClCompile Include="..\..\..\..\..\..\modules\imgproc\src\samplers.cpp">
      <Filter>Src</Filter>
    </ClCompile>
    <ClCompile Include="..\..\..\..\..\..\modules\imgproc\src\segmentation.cpp">
      <Filter>Src</Filter>
    </ClCompile>
    <ClCompile Include="..\..\..\..\..\..\modules\imgproc\src\shapedescr.cpp">
      <Filter>Src</Filter>
    </ClCompile>
    <ClCompile Include="..\..\..\..\..\..\modules\imgproc\src\smooth.cpp">
      <Filter>Src</Filter>
    </ClCompile>
    <ClCompile Include="..\..\..\..\..\..\modules\imgproc\src\subdivision2d.cpp">
      <Filter>Src</Filter>
    </ClCompile>
    <ClCompile Include="..\..\..\..\..\..\modules\imgproc\src\sumpixels.cpp">
      <Filter>Src</Filter>
    </ClCompile>
    <ClCompile Include="..\..\..\..\..\..\modules\imgproc\src\tables.cpp">
      <Filter>Src</Filter>
    </ClCompile>
    <ClCompile Include="..\..\..\..\..\..\modules\imgproc\src\templmatch.cpp">
      <Filter>Src</Filter>
    </ClCompile>
    <ClCompile Include="..\..\..\..\..\..\modules\imgproc\src\thresh.cpp">
      <Filter>Src</Filter>
    </ClCompile>
    <ClCompile Include="..\..\..\..\..\..\modules\imgproc\src\undistort.cpp">
      <Filter>Src</Filter>
    </ClCompile>
    <ClCompile Include="..\..\..\..\..\..\modules\imgproc\src\utils.cpp">
      <Filter>Src</Filter>
    </ClCompile>
    <ClCompile Include="opencl_kernels_imgproc.cpp">
      <Filter>Src\opencl\kernels\autogenerated</Filter>
    </ClCompile>
    <ClCompile Include="opencv_imgproc_pch.cpp">
      <Filter>Source Files</Filter>
    </ClCompile>
  </ItemGroup>
  <ItemGroup>
    <ClInclude Include="..\..\..\..\..\..\modules\imgproc\include\opencv2\imgproc.hpp">
      <Filter>Include\opencv2</Filter>
    </ClInclude>
    <ClInclude Include="..\..\..\..\..\..\modules\imgproc\include\opencv2\imgproc\imgproc.hpp">
      <Filter>Include\opencv2\imgproc</Filter>
    </ClInclude>
    <ClInclude Include="..\..\..\..\..\..\modules\imgproc\include\opencv2\imgproc\imgproc_c.h">
      <Filter>Include\opencv2\imgproc</Filter>
    </ClInclude>
    <ClInclude Include="..\..\..\..\..\..\modules\imgproc\include\opencv2\imgproc\types_c.h">
      <Filter>Include\opencv2\imgproc</Filter>
    </ClInclude>
    <ClInclude Include="opencl_kernels_imgproc.hpp">
      <Filter>Src\opencl\kernels\autogenerated</Filter>
    </ClInclude>
    <ClInclude Include="..\..\..\..\..\..\modules\imgproc\src\filterengine.hpp">
      <Filter>Src</Filter>
    </ClInclude>
    <ClInclude Include="..\..\..\..\..\..\modules\imgproc\src\gcgraph.hpp">
      <Filter>Src</Filter>
    </ClInclude>
    <ClInclude Include="..\..\..\..\..\..\modules\imgproc\src\precomp.hpp">
      <Filter>Src</Filter>
    </ClInclude>
    <ClInclude Include="..\..\..\..\..\..\modules\imgproc\src\_geom.h">
      <Filter>Src</Filter>
    </ClInclude>
    <ClInclude Include="..\..\cvconfig.h">
      <Filter>Header Files</Filter>
    </ClInclude>
    <ClInclude Include="..\..\opencv2\opencv_modules.hpp">
      <Filter>Header Files</Filter>
    </ClInclude>
  </ItemGroup>
  <ItemGroup>
    <CustomBuild Include="..\..\..\..\..\..\modules\imgproc\CMakeLists.txt" />
    <CustomBuild Include="..\..\CMakeFiles\a904b868574ba5b62fba6f8453589f58\opencl_kernels_imgproc.cpp.rule">
      <Filter>CMake Rules</Filter>
    </CustomBuild>
  </ItemGroup>
  <ItemGroup>
    <Filter Include="Src\opencl\kernels">
      <UniqueIdentifier>{24089E50-FF3E-453D-B67D-C341500B4744}</UniqueIdentifier>
    </Filter>
    <Filter Include="Src\opencl\kernels\autogenerated">
      <UniqueIdentifier>{7909FAD9-0420-476F-98B5-1CF68A12FFC9}</UniqueIdentifier>
    </Filter>
    <Filter Include="Include\opencv2">
      <UniqueIdentifier>{39DE8CD5-844D-47FE-B970-6FC73CB01DDB}</UniqueIdentifier>
    </Filter>
    <Filter Include="Src\opencl">
      <UniqueIdentifier>{21351847-CF58-4BE6-BDE6-F142FAA309EA}</UniqueIdentifier>
    </Filter>
    <Filter Include="Include\opencv2\imgproc">
      <UniqueIdentifier>{BE19D5C1-B3DD-495E-9DCC-A01019D32580}</UniqueIdentifier>
    </Filter>
    <Filter Include="Source Files">
      <UniqueIdentifier>{BC39068A-8151-4B41-ACFF-24BDF9489F89}</UniqueIdentifier>
    </Filter>
    <Filter Include="Header Files">
      <UniqueIdentifier>{E5E5D6D8-9F1F-491A-99BF-7863A63AA7A1}</UniqueIdentifier>
    </Filter>
    <Filter Include="CMake Rules">
      <UniqueIdentifier>{6A81BED4-9F7D-4337-BDCA-12E545973C69}</UniqueIdentifier>
    </Filter>
    <Filter Include="Src">
      <UniqueIdentifier>{2F4F0971-71BF-4132-B9A1-7A41FC97AF45}</UniqueIdentifier>
    </Filter>
    <Filter Include="Include">
      <UniqueIdentifier>{176253A5-33FB-46A6-8BA1-85334F86EC84}</UniqueIdentifier>
    </Filter>
  </ItemGroup>
</Project>
