<?xml version="1.0" encoding="UTF-8"?>
<Project ToolsVersion="14.0" xmlns="http://schemas.microsoft.com/developer/msbuild/2003">
  <ItemGroup>
    <ClCompile Include="..\..\..\..\..\..\modules\stitching\src\autocalib.cpp">
      <Filter>Src</Filter>
    </ClCompile>
    <ClCompile Include="..\..\..\..\..\..\modules\stitching\src\blenders.cpp">
      <Filter>Src</Filter>
    </ClCompile>
    <ClCompile Include="..\..\..\..\..\..\modules\stitching\src\camera.cpp">
      <Filter>Src</Filter>
    </ClCompile>
    <ClCompile Include="..\..\..\..\..\..\modules\stitching\src\exposure_compensate.cpp">
      <Filter>Src</Filter>
    </ClCompile>
    <ClCompile Include="..\..\..\..\..\..\modules\stitching\src\matchers.cpp">
      <Filter>Src</Filter>
    </ClCompile>
    <ClCompile Include="..\..\..\..\..\..\modules\stitching\src\motion_estimators.cpp">
      <Filter>Src</Filter>
    </ClCompile>
    <ClCompile Include="..\..\..\..\..\..\modules\stitching\src\seam_finders.cpp">
      <Filter>Src</Filter>
    </ClCompile>
    <ClCompile Include="..\..\..\..\..\..\modules\stitching\src\stitcher.cpp">
      <Filter>Src</Filter>
    </ClCompile>
    <ClCompile Include="..\..\..\..\..\..\modules\stitching\src\timelapsers.cpp">
      <Filter>Src</Filter>
    </ClCompile>
    <ClCompile Include="..\..\..\..\..\..\modules\stitching\src\util.cpp">
      <Filter>Src</Filter>
    </ClCompile>
    <ClCompile Include="..\..\..\..\..\..\modules\stitching\src\warpers.cpp">
      <Filter>Src</Filter>
    </ClCompile>
    <ClCompile Include="..\..\..\..\..\..\modules\stitching\src\warpers_cuda.cpp">
      <Filter>Src</Filter>
    </ClCompile>
    <ClCompile Include="opencl_kernels_stitching.cpp">
      <Filter>Src\opencl\kernels\autogenerated</Filter>
    </ClCompile>
    <ClCompile Include="opencv_stitching_pch.cpp">
      <Filter>Source Files</Filter>
    </ClCompile>
  </ItemGroup>
  <ItemGroup>
    <ClInclude Include="..\..\..\..\..\..\modules\stitching\include\opencv2\stitching.hpp">
      <Filter>Include\opencv2</Filter>
    </ClInclude>
    <ClInclude Include="..\..\..\..\..\..\modules\stitching\include\opencv2\stitching\warpers.hpp">
      <Filter>Include\opencv2\stitching</Filter>
    </ClInclude>
    <ClInclude Include="..\..\..\..\..\..\modules\stitching\include\opencv2\stitching\detail\autocalib.hpp">
      <Filter>Include\opencv2\stitching\detail</Filter>
    </ClInclude>
    <ClInclude Include="..\..\..\..\..\..\modules\stitching\include\opencv2\stitching\detail\blenders.hpp">
      <Filter>Include\opencv2\stitching\detail</Filter>
    </ClInclude>
    <ClInclude Include="..\..\..\..\..\..\modules\stitching\include\opencv2\stitching\detail\camera.hpp">
      <Filter>Include\opencv2\stitching\detail</Filter>
    </ClInclude>
    <ClInclude Include="..\..\..\..\..\..\modules\stitching\include\opencv2\stitching\detail\exposure_compensate.hpp">
      <Filter>Include\opencv2\stitching\detail</Filter>
    </ClInclude>
    <ClInclude Include="..\..\..\..\..\..\modules\stitching\include\opencv2\stitching\detail\matchers.hpp">
      <Filter>Include\opencv2\stitching\detail</Filter>
    </ClInclude>
    <ClInclude Include="..\..\..\..\..\..\modules\stitching\include\opencv2\stitching\detail\motion_estimators.hpp">
      <Filter>Include\opencv2\stitching\detail</Filter>
    </ClInclude>
    <ClInclude Include="..\..\..\..\..\..\modules\stitching\include\opencv2\stitching\detail\seam_finders.hpp">
      <Filter>Include\opencv2\stitching\detail</Filter>
    </ClInclude>
    <ClInclude Include="..\..\..\..\..\..\modules\stitching\include\opencv2\stitching\detail\timelapsers.hpp">
      <Filter>Include\opencv2\stitching\detail</Filter>
    </ClInclude>
    <ClInclude Include="..\..\..\..\..\..\modules\stitching\include\opencv2\stitching\detail\util.hpp">
      <Filter>Include\opencv2\stitching\detail</Filter>
    </ClInclude>
    <ClInclude Include="..\..\..\..\..\..\modules\stitching\include\opencv2\stitching\detail\util_inl.hpp">
      <Filter>Include\opencv2\stitching\detail</Filter>
    </ClInclude>
    <ClInclude Include="..\..\..\..\..\..\modules\stitching\include\opencv2\stitching\detail\warpers.hpp">
      <Filter>Include\opencv2\stitching\detail</Filter>
    </ClInclude>
    <ClInclude Include="..\..\..\..\..\..\modules\stitching\include\opencv2\stitching\detail\warpers_inl.hpp">
      <Filter>Include\opencv2\stitching\detail</Filter>
    </ClInclude>
    <ClInclude Include="opencl_kernels_stitching.hpp">
      <Filter>Src\opencl\kernels\autogenerated</Filter>
    </ClInclude>
    <ClInclude Include="..\..\..\..\..\..\modules\stitching\src\precomp.hpp">
      <Filter>Src</Filter>
    </ClInclude>
    <ClInclude Include="..\..\cvconfig.h">
      <Filter>Header Files</Filter>
    </ClInclude>
    <ClInclude Include="..\..\opencv2\opencv_modules.hpp">
      <Filter>Header Files</Filter>
    </ClInclude>
  </ItemGroup>
  <ItemGroup>
    <CustomBuild Include="..\..\..\..\..\..\modules\stitching\CMakeLists.txt" />
    <CustomBuild Include="..\..\CMakeFiles\5f917532aeae922c7580748d7d0df706\opencl_kernels_stitching.cpp.rule">
      <Filter>CMake Rules</Filter>
    </CustomBuild>
  </ItemGroup>
  <ItemGroup>
    <None Include="..\..\..\..\..\..\modules\stitching\src\opencl\multibandblend.cl">
      <Filter>Src\opencl\kernels</Filter>
    </None>
    <None Include="..\..\..\..\..\..\modules\stitching\src\opencl\warpers.cl">
      <Filter>Src\opencl\kernels</Filter>
    </None>
  </ItemGroup>
  <ItemGroup>
    <Filter Include="Include\opencv2\stitching\detail">
      <UniqueIdentifier>{9D813C76-3BCF-4F38-830E-DA865BF302F2}</UniqueIdentifier>
    </Filter>
    <Filter Include="Src\opencl\kernels">
      <UniqueIdentifier>{600D7521-D359-4260-B867-43285A7C74FB}</UniqueIdentifier>
    </Filter>
    <Filter Include="Src\opencl\kernels\autogenerated">
      <UniqueIdentifier>{7BF97187-6C66-41F3-A9EE-2F87B5153978}</UniqueIdentifier>
    </Filter>
    <Filter Include="Include\opencv2">
      <UniqueIdentifier>{F4F7FB13-2372-4F83-847B-CD8823E0B913}</UniqueIdentifier>
    </Filter>
    <Filter Include="Src\opencl">
      <UniqueIdentifier>{D24085AE-DA53-4EB2-A3C8-636BB39F587E}</UniqueIdentifier>
    </Filter>
    <Filter Include="Include\opencv2\stitching">
      <UniqueIdentifier>{16071174-733D-452B-BC9B-4F87314DCF1A}</UniqueIdentifier>
    </Filter>
    <Filter Include="Source Files">
      <UniqueIdentifier>{D24C614E-8116-4727-B019-0B64D5623411}</UniqueIdentifier>
    </Filter>
    <Filter Include="Header Files">
      <UniqueIdentifier>{EFFE1BD3-4D9A-4CDE-8168-395A492650BE}</UniqueIdentifier>
    </Filter>
    <Filter Include="CMake Rules">
      <UniqueIdentifier>{9A1925B2-B95E-47B6-BC27-562BBE9A4E67}</UniqueIdentifier>
    </Filter>
    <Filter Include="Src">
      <UniqueIdentifier>{9BB44453-B4DA-4C95-A188-2486DFC139B3}</UniqueIdentifier>
    </Filter>
    <Filter Include="Include">
      <UniqueIdentifier>{961AFC00-8387-4837-A56E-81BB0349634C}</UniqueIdentifier>
    </Filter>
  </ItemGroup>
</Project>
