<?xml version="1.0" encoding="UTF-8"?>
<Project ToolsVersion="14.0" xmlns="http://schemas.microsoft.com/developer/msbuild/2003">
  <ItemGroup>
    <ClCompile Include="..\..\..\..\..\..\modules\shape\src\aff_trans.cpp">
      <Filter>Src</Filter>
    </ClCompile>
    <ClCompile Include="..\..\..\..\..\..\modules\shape\src\emdL1.cpp">
      <Filter>Src</Filter>
    </ClCompile>
    <ClCompile Include="..\..\..\..\..\..\modules\shape\src\haus_dis.cpp">
      <Filter>Src</Filter>
    </ClCompile>
    <ClCompile Include="..\..\..\..\..\..\modules\shape\src\hist_cost.cpp">
      <Filter>Src</Filter>
    </ClCompile>
    <ClCompile Include="..\..\..\..\..\..\modules\shape\src\precomp.cpp">
      <Filter>Src</Filter>
    </ClCompile>
    <ClCompile Include="..\..\..\..\..\..\modules\shape\src\sc_dis.cpp">
      <Filter>Src</Filter>
    </ClCompile>
    <ClCompile Include="..\..\..\..\..\..\modules\shape\src\tps_trans.cpp">
      <Filter>Src</Filter>
    </ClCompile>
    <ClCompile Include="opencv_shape_pch.cpp">
      <Filter>Source Files</Filter>
    </ClCompile>
  </ItemGroup>
  <ItemGroup>
    <ClInclude Include="..\..\..\..\..\..\modules\shape\include\opencv2\shape.hpp">
      <Filter>Include\opencv2</Filter>
    </ClInclude>
    <ClInclude Include="..\..\..\..\..\..\modules\shape\include\opencv2\shape\emdL1.hpp">
      <Filter>Include\opencv2\shape</Filter>
    </ClInclude>
    <ClInclude Include="..\..\..\..\..\..\modules\shape\include\opencv2\shape\hist_cost.hpp">
      <Filter>Include\opencv2\shape</Filter>
    </ClInclude>
    <ClInclude Include="..\..\..\..\..\..\modules\shape\include\opencv2\shape\shape.hpp">
      <Filter>Include\opencv2\shape</Filter>
    </ClInclude>
    <ClInclude Include="..\..\..\..\..\..\modules\shape\include\opencv2\shape\shape_distance.hpp">
      <Filter>Include\opencv2\shape</Filter>
    </ClInclude>
    <ClInclude Include="..\..\..\..\..\..\modules\shape\include\opencv2\shape\shape_transformer.hpp">
      <Filter>Include\opencv2\shape</Filter>
    </ClInclude>
    <ClInclude Include="..\..\..\..\..\..\modules\shape\src\emdL1_def.hpp">
      <Filter>Src</Filter>
    </ClInclude>
    <ClInclude Include="..\..\..\..\..\..\modules\shape\src\precomp.hpp">
      <Filter>Src</Filter>
    </ClInclude>
    <ClInclude Include="..\..\..\..\..\..\modules\shape\src\scd_def.hpp">
      <Filter>Src</Filter>
    </ClInclude>
    <ClInclude Include="..\..\cvconfig.h">
      <Filter>Header Files</Filter>
    </ClInclude>
    <ClInclude Include="..\..\opencv2\opencv_modules.hpp">
      <Filter>Header Files</Filter>
    </ClInclude>
  </ItemGroup>
  <ItemGroup>
    <CustomBuild Include="..\..\..\..\..\..\modules\shape\CMakeLists.txt" />
  </ItemGroup>
  <ItemGroup>
    <Filter Include="Source Files">
      <UniqueIdentifier>{6F652BDE-35E3-4D70-97BC-72653848239E}</UniqueIdentifier>
    </Filter>
    <Filter Include="Header Files">
      <UniqueIdentifier>{D1153171-3EAE-4E07-A75B-6FEA6093C934}</UniqueIdentifier>
    </Filter>
    <Filter Include="Src">
      <UniqueIdentifier>{053E470E-10F7-487D-BF54-53FF229F67D2}</UniqueIdentifier>
    </Filter>
    <Filter Include="Include">
      <UniqueIdentifier>{FB0B924D-1977-45F4-87DA-535BCB56C720}</UniqueIdentifier>
    </Filter>
    <Filter Include="Include\opencv2\shape">
      <UniqueIdentifier>{4F461B56-2CFD-4CE0-A16F-A971BC3D91EC}</UniqueIdentifier>
    </Filter>
    <Filter Include="Include\opencv2">
      <UniqueIdentifier>{05C50465-64FB-4CAF-B4FC-FA03AA6E6725}</UniqueIdentifier>
    </Filter>
  </ItemGroup>
</Project>
