<?xml version="1.0" encoding="utf-8"?>
<Project ToolsVersion="14.0" xmlns="http://schemas.microsoft.com/developer/msbuild/2003">
  <ItemGroup>
    <Filter Include="Common">
      <UniqueIdentifier>0c4a1b5f-3555-4b61-adea-ccf0d285ba65</UniqueIdentifier>
    </Filter>
    <Filter Include="Assets">
      <UniqueIdentifier>78744133-c0de-4148-b0c6-4634dad3ce6d</UniqueIdentifier>
      <Extensions>bmp;fbx;gif;jpg;jpeg;tga;tiff;tif;png</Extensions>
    </Filter>
    <Image Include="Assets\Logo.scale-100.png">
      <Filter>Assets</Filter>
    </Image>
    <Image Include="Assets\SmallLogo.scale-100.png">
      <Filter>Assets</Filter>
    </Image>
    <Image Include="Assets\StoreLogo.scale-100.png">
      <Filter>Assets</Filter>
    </Image>
    <Image Include="Assets\SplashScreen.scale-100.png">
      <Filter>Assets</Filter>
    </Image>
  </ItemGroup>
  <ItemGroup>
    <ApplicationDefinition Include="App.xaml" />
  </ItemGroup>
  <ItemGroup>
    <ClCompile Include="App.xaml.cpp" />
    <ClCompile Include="MainPage.xaml.cpp" />
    <ClCompile Include="pch.cpp" />
  </ItemGroup>
  <ItemGroup>
    <ClInclude Include="pch.h" />
    <ClInclude Include="App.xaml.h" />
    <ClInclude Include="MainPage.xaml.h" />
  </ItemGroup>
  <ItemGroup>
    <Image Include="Assets\WideLogo.scale-100.png">
      <Filter>Assets</Filter>
    </Image>
    <Image Include="Assets\grpPC1.jpg">
      <Filter>Assets</Filter>
    </Image>
  </ItemGroup>
  <ItemGroup>
    <AppxManifest Include="Package.appxmanifest" />
  </ItemGroup>
  <ItemGroup>
    <None Include="RaspberryCV_TemporaryKey.pfx" />
    <None Include="..\..\..\..\vs2015\WS\10.0\ARM\bin\Debug\opencv_core300d.dll" />
    <None Include="..\..\..\..\vs2015\WS\10.0\ARM\bin\Debug\opencv_imgcodecs300d.dll" />
    <None Include="..\..\..\..\vs2015\WS\10.0\ARM\bin\Debug\opencv_imgproc300d.dll" />
    <None Include="..\..\..\..\vs2015\WS\10.0\ARM\bin\Debug\opencv_ml300d.dll" />
    <None Include="..\..\..\..\vs2015\WS\10.0\ARM\bin\Debug\opencv_objdetect300d.dll" />
    <None Include="..\..\..\..\vs2015\WS\10.0\ARM\bin\Release\opencv_core300.dll" />
    <None Include="..\..\..\..\vs2015\WS\10.0\ARM\bin\Release\opencv_imgcodecs300.dll" />
    <None Include="..\..\..\..\vs2015\WS\10.0\ARM\bin\Release\opencv_imgproc300.dll" />
    <None Include="..\..\..\..\vs2015\WS\10.0\ARM\bin\Release\opencv_ml300.dll" />
    <None Include="..\..\..\..\vs2015\WS\10.0\ARM\bin\Release\opencv_objdetect300.dll" />
  </ItemGroup>
  <ItemGroup>
    <Page Include="MainPage.xaml" />
  </ItemGroup>
  <ItemGroup>
    <Xml Include="Assets\haarcascade_frontalface_alt.xml">
      <Filter>Assets</Filter>
    </Xml>
    <Xml Include="Assets\haarcascade_fullbody.xml">
      <Filter>Assets</Filter>
    </Xml>
  </ItemGroup>
</Project>