<?xml version="1.0" encoding="UTF-8"?>
<Project ToolsVersion="14.0" xmlns="http://schemas.microsoft.com/developer/msbuild/2003">
  <ItemGroup>
    <CustomBuild Include="..\..\CMakeFiles\d8e0c25f78c3c434e55d5f4d56542da9\INSTALL_force.rule">
      <Filter>CMake Rules</Filter>
    </CustomBuild>
  </ItemGroup>
  <ItemGroup>
    <Filter Include="CMake Rules">
      <UniqueIdentifier>{050184BE-C3F0-4F82-BC2F-9A34B0267BBA}</UniqueIdentifier>
    </Filter>
  </ItemGroup>
</Project>
