<?xml version="1.0" encoding="UTF-8"?>
<Project ToolsVersion="14.0" xmlns="http://schemas.microsoft.com/developer/msbuild/2003">
  <ItemGroup>
    <ClCompile Include="..\..\..\..\..\..\modules\objdetect\src\cascadedetect.cpp">
      <Filter>Src</Filter>
    </ClCompile>
    <ClCompile Include="..\..\..\..\..\..\modules\objdetect\src\cascadedetect_convert.cpp">
      <Filter>Src</Filter>
    </ClCompile>
    <ClCompile Include="..\..\..\..\..\..\modules\objdetect\src\detection_based_tracker.cpp">
      <Filter>Src</Filter>
    </ClCompile>
    <ClCompile Include="..\..\..\..\..\..\modules\objdetect\src\haar.cpp">
      <Filter>Src</Filter>
    </ClCompile>
    <ClCompile Include="..\..\..\..\..\..\modules\objdetect\src\hog.cpp">
      <Filter>Src</Filter>
    </ClCompile>
    <ClCompile Include="opencl_kernels_objdetect.cpp">
      <Filter>Src\opencl\kernels\autogenerated</Filter>
    </ClCompile>
    <ClCompile Include="opencv_objdetect_pch.cpp">
      <Filter>Source Files</Filter>
    </ClCompile>
  </ItemGroup>
  <ItemGroup>
    <ClInclude Include="..\..\..\..\..\..\modules\objdetect\include\opencv2\objdetect.hpp">
      <Filter>Include\opencv2</Filter>
    </ClInclude>
    <ClInclude Include="..\..\..\..\..\..\modules\objdetect\include\opencv2\objdetect\detection_based_tracker.hpp">
      <Filter>Include\opencv2\objdetect</Filter>
    </ClInclude>
    <ClInclude Include="..\..\..\..\..\..\modules\objdetect\include\opencv2\objdetect\objdetect.hpp">
      <Filter>Include\opencv2\objdetect</Filter>
    </ClInclude>
    <ClInclude Include="..\..\..\..\..\..\modules\objdetect\include\opencv2\objdetect\objdetect_c.h">
      <Filter>Include\opencv2\objdetect</Filter>
    </ClInclude>
    <ClInclude Include="opencl_kernels_objdetect.hpp">
      <Filter>Src\opencl\kernels\autogenerated</Filter>
    </ClInclude>
    <ClInclude Include="..\..\..\..\..\..\modules\objdetect\src\cascadedetect.hpp">
      <Filter>Src</Filter>
    </ClInclude>
    <ClInclude Include="..\..\..\..\..\..\modules\objdetect\src\precomp.hpp">
      <Filter>Src</Filter>
    </ClInclude>
    <ClInclude Include="..\..\cvconfig.h">
      <Filter>Header Files</Filter>
    </ClInclude>
    <ClInclude Include="..\..\opencv2\opencv_modules.hpp">
      <Filter>Header Files</Filter>
    </ClInclude>
  </ItemGroup>
  <ItemGroup>
    <CustomBuild Include="..\..\..\..\..\..\modules\objdetect\CMakeLists.txt" />
    <CustomBuild Include="..\..\CMakeFiles\a4a753f79215bf6afe8c97bda5531f53\opencl_kernels_objdetect.cpp.rule">
      <Filter>CMake Rules</Filter>
    </CustomBuild>
  </ItemGroup>
  <ItemGroup>
    <Filter Include="Src\opencl\kernels\autogenerated">
      <UniqueIdentifier>{7909FAD9-0420-476F-98B5-1CF68A12FFC9}</UniqueIdentifier>
    </Filter>
    <Filter Include="Src\opencl\kernels">
      <UniqueIdentifier>{24089E50-FF3E-453D-B67D-C341500B4744}</UniqueIdentifier>
    </Filter>
    <Filter Include="Include\opencv2\objdetect">
      <UniqueIdentifier>{EC71876C-4631-446D-B6C5-2DBEA514AB31}</UniqueIdentifier>
    </Filter>
    <Filter Include="Include\opencv2">
      <UniqueIdentifier>{39DE8CD5-844D-47FE-B970-6FC73CB01DDB}</UniqueIdentifier>
    </Filter>
    <Filter Include="Src\opencl">
      <UniqueIdentifier>{21351847-CF58-4BE6-BDE6-F142FAA309EA}</UniqueIdentifier>
    </Filter>
    <Filter Include="Source Files">
      <UniqueIdentifier>{BC39068A-8151-4B41-ACFF-24BDF9489F89}</UniqueIdentifier>
    </Filter>
    <Filter Include="Header Files">
      <UniqueIdentifier>{E5E5D6D8-9F1F-491A-99BF-7863A63AA7A1}</UniqueIdentifier>
    </Filter>
    <Filter Include="CMake Rules">
      <UniqueIdentifier>{6A81BED4-9F7D-4337-BDCA-12E545973C69}</UniqueIdentifier>
    </Filter>
    <Filter Include="Src">
      <UniqueIdentifier>{2F4F0971-71BF-4132-B9A1-7A41FC97AF45}</UniqueIdentifier>
    </Filter>
    <Filter Include="Include">
      <UniqueIdentifier>{176253A5-33FB-46A6-8BA1-85334F86EC84}</UniqueIdentifier>
    </Filter>
  </ItemGroup>
</Project>
