<?xml version="1.0" encoding="UTF-8"?>
<Project ToolsVersion="14.0" xmlns="http://schemas.microsoft.com/developer/msbuild/2003">
  <ItemGroup>
    <ClCompile Include="..\..\..\..\..\..\modules\imgcodecs\src\loadsave.cpp">
      <Filter>Src</Filter>
    </ClCompile>
    <ClCompile Include="..\..\..\..\..\..\modules\imgcodecs\src\utils.cpp">
      <Filter>Src</Filter>
    </ClCompile>
    <ClCompile Include="..\..\..\..\..\..\modules\imgcodecs\src\grfmt_base.cpp">
      <Filter>Src\grfmts</Filter>
    </ClCompile>
    <ClCompile Include="..\..\..\..\..\..\modules\imgcodecs\src\grfmt_bmp.cpp">
      <Filter>Src\grfmts</Filter>
    </ClCompile>
    <ClCompile Include="..\..\..\..\..\..\modules\imgcodecs\src\grfmt_exr.cpp">
      <Filter>Src\grfmts</Filter>
    </ClCompile>
    <ClCompile Include="..\..\..\..\..\..\modules\imgcodecs\src\grfmt_gdal.cpp">
      <Filter>Src\grfmts</Filter>
    </ClCompile>
    <ClCompile Include="..\..\..\..\..\..\modules\imgcodecs\src\grfmt_hdr.cpp">
      <Filter>Src\grfmts</Filter>
    </ClCompile>
    <ClCompile Include="..\..\..\..\..\..\modules\imgcodecs\src\grfmt_jpeg.cpp">
      <Filter>Src\grfmts</Filter>
    </ClCompile>
    <ClCompile Include="..\..\..\..\..\..\modules\imgcodecs\src\grfmt_jpeg2000.cpp">
      <Filter>Src\grfmts</Filter>
    </ClCompile>
    <ClCompile Include="..\..\..\..\..\..\modules\imgcodecs\src\grfmt_png.cpp">
      <Filter>Src\grfmts</Filter>
    </ClCompile>
    <ClCompile Include="..\..\..\..\..\..\modules\imgcodecs\src\grfmt_pxm.cpp">
      <Filter>Src\grfmts</Filter>
    </ClCompile>
    <ClCompile Include="..\..\..\..\..\..\modules\imgcodecs\src\grfmt_sunras.cpp">
      <Filter>Src\grfmts</Filter>
    </ClCompile>
    <ClCompile Include="..\..\..\..\..\..\modules\imgcodecs\src\grfmt_tiff.cpp">
      <Filter>Src\grfmts</Filter>
    </ClCompile>
    <ClCompile Include="..\..\..\..\..\..\modules\imgcodecs\src\grfmt_webp.cpp">
      <Filter>Src\grfmts</Filter>
    </ClCompile>
    <ClCompile Include="..\..\..\..\..\..\modules\imgcodecs\src\bitstrm.cpp">
      <Filter>Src\grfmts</Filter>
    </ClCompile>
    <ClCompile Include="..\..\..\..\..\..\modules\imgcodecs\src\rgbe.cpp">
      <Filter>Src\grfmts</Filter>
    </ClCompile>
    <ClCompile Include="opencv_imgcodecs_pch.cpp">
      <Filter>Source Files</Filter>
    </ClCompile>
  </ItemGroup>
  <ItemGroup>
    <ClInclude Include="..\..\..\..\..\..\modules\imgcodecs\include\opencv2\imgcodecs.hpp">
      <Filter>Include</Filter>
    </ClInclude>
    <ClInclude Include="..\..\..\..\..\..\modules\imgcodecs\include\opencv2\imgcodecs\imgcodecs.hpp">
      <Filter>Include</Filter>
    </ClInclude>
    <ClInclude Include="..\..\..\..\..\..\modules\imgcodecs\include\opencv2\imgcodecs\imgcodecs_c.h">
      <Filter>Include</Filter>
    </ClInclude>
    <ClInclude Include="..\..\..\..\..\..\modules\imgcodecs\include\opencv2\imgcodecs\ios.h">
      <Filter>Include</Filter>
    </ClInclude>
    <ClInclude Include="..\..\..\..\..\..\modules\imgcodecs\src\precomp.hpp">
      <Filter>Src</Filter>
    </ClInclude>
    <ClInclude Include="..\..\..\..\..\..\modules\imgcodecs\src\utils.hpp">
      <Filter>Src</Filter>
    </ClInclude>
    <ClInclude Include="..\..\..\..\..\..\modules\imgcodecs\src\grfmts.hpp">
      <Filter>Src\grfmts</Filter>
    </ClInclude>
    <ClInclude Include="..\..\..\..\..\..\modules\imgcodecs\src\grfmt_base.hpp">
      <Filter>Src\grfmts</Filter>
    </ClInclude>
    <ClInclude Include="..\..\..\..\..\..\modules\imgcodecs\src\grfmt_bmp.hpp">
      <Filter>Src\grfmts</Filter>
    </ClInclude>
    <ClInclude Include="..\..\..\..\..\..\modules\imgcodecs\src\grfmt_exr.hpp">
      <Filter>Src\grfmts</Filter>
    </ClInclude>
    <ClInclude Include="..\..\..\..\..\..\modules\imgcodecs\src\grfmt_gdal.hpp">
      <Filter>Src\grfmts</Filter>
    </ClInclude>
    <ClInclude Include="..\..\..\..\..\..\modules\imgcodecs\src\grfmt_hdr.hpp">
      <Filter>Src\grfmts</Filter>
    </ClInclude>
    <ClInclude Include="..\..\..\..\..\..\modules\imgcodecs\src\grfmt_jpeg.hpp">
      <Filter>Src\grfmts</Filter>
    </ClInclude>
    <ClInclude Include="..\..\..\..\..\..\modules\imgcodecs\src\grfmt_jpeg2000.hpp">
      <Filter>Src\grfmts</Filter>
    </ClInclude>
    <ClInclude Include="..\..\..\..\..\..\modules\imgcodecs\src\grfmt_png.hpp">
      <Filter>Src\grfmts</Filter>
    </ClInclude>
    <ClInclude Include="..\..\..\..\..\..\modules\imgcodecs\src\grfmt_pxm.hpp">
      <Filter>Src\grfmts</Filter>
    </ClInclude>
    <ClInclude Include="..\..\..\..\..\..\modules\imgcodecs\src\grfmt_sunras.hpp">
      <Filter>Src\grfmts</Filter>
    </ClInclude>
    <ClInclude Include="..\..\..\..\..\..\modules\imgcodecs\src\grfmt_tiff.hpp">
      <Filter>Src\grfmts</Filter>
    </ClInclude>
    <ClInclude Include="..\..\..\..\..\..\modules\imgcodecs\src\grfmt_webp.hpp">
      <Filter>Src\grfmts</Filter>
    </ClInclude>
    <ClInclude Include="..\..\..\..\..\..\modules\imgcodecs\src\bitstrm.hpp">
      <Filter>Src\grfmts</Filter>
    </ClInclude>
    <ClInclude Include="..\..\..\..\..\..\modules\imgcodecs\src\rgbe.hpp">
      <Filter>Src\grfmts</Filter>
    </ClInclude>
    <ClInclude Include="..\..\cvconfig.h">
      <Filter>Header Files</Filter>
    </ClInclude>
    <ClInclude Include="..\..\opencv2\opencv_modules.hpp">
      <Filter>Header Files</Filter>
    </ClInclude>
  </ItemGroup>
  <ItemGroup>
    <CustomBuild Include="..\..\..\..\..\..\modules\imgcodecs\CMakeLists.txt" />
  </ItemGroup>
  <ItemGroup>
    <Filter Include="Src\grfmts">
      <UniqueIdentifier>{7A10F1D4-366F-4168-92D5-508D954D294A}</UniqueIdentifier>
    </Filter>
    <Filter Include="Source Files">
      <UniqueIdentifier>{BC39068A-8151-4B41-ACFF-24BDF9489F89}</UniqueIdentifier>
    </Filter>
    <Filter Include="Header Files">
      <UniqueIdentifier>{E5E5D6D8-9F1F-491A-99BF-7863A63AA7A1}</UniqueIdentifier>
    </Filter>
    <Filter Include="Src">
      <UniqueIdentifier>{2F4F0971-71BF-4132-B9A1-7A41FC97AF45}</UniqueIdentifier>
    </Filter>
    <Filter Include="Include">
      <UniqueIdentifier>{176253A5-33FB-46A6-8BA1-85334F86EC84}</UniqueIdentifier>
    </Filter>
  </ItemGroup>
</Project>
